// !$*UTF8*$!
{
	archiveVersion = 1;
	classes = {
	};
	objectVersion = 46;
	objects = {

/* Begin PBXBuildFile section */
		00E356F31AD99517003FC87E /* SVGPodTestTests.m in Sources */ = {isa = PBXBuildFile; fileRef = 00E356F21AD99517003FC87E /* SVGPodTestTests.m */; };
		13B07FBC1A68108700A75B9A /* AppDelegate.m in Sources */ = {isa = PBXBuildFile; fileRef = 13B07FB01A68108700A75B9A /* AppDelegate.m */; };
		13B07FBD1A68108700A75B9A /* LaunchScreen.xib in Resources */ = {isa = PBXBuildFile; fileRef = 13B07FB11A68108700A75B9A /* LaunchScreen.xib */; };
		13B07FBF1A68108700A75B9A /* Images.xcassets in Resources */ = {isa = PBXBuildFile; fileRef = 13B07FB51A68108700A75B9A /* Images.xcassets */; };
		13B07FC11A68108700A75B9A /* main.m in Sources */ = {isa = PBXBuildFile; fileRef = 13B07FB71A68108700A75B9A /* main.m */; };
		2D02E4BC1E0B4A80006451C7 /* AppDelegate.m in Sources */ = {isa = PBXBuildFile; fileRef = 13B07FB01A68108700A75B9A /* AppDelegate.m */; };
		2D02E4BD1E0B4A84006451C7 /* Images.xcassets in Resources */ = {isa = PBXBuildFile; fileRef = 13B07FB51A68108700A75B9A /* Images.xcassets */; };
		2D02E4BF1E0B4AB3006451C7 /* main.m in Sources */ = {isa = PBXBuildFile; fileRef = 13B07FB71A68108700A75B9A /* main.m */; };
		2D16E6881FA4F8E400B85C8A /* libReact.a in Frameworks */ = {isa = PBXBuildFile; fileRef = 2D16E6891FA4F8E400B85C8A /* libReact.a */; };
		2DCD954D1E0B4F2C00145EB5 /* SVGPodTestTests.m in Sources */ = {isa = PBXBuildFile; fileRef = 00E356F21AD99517003FC87E /* SVGPodTestTests.m */; };
		38530BB6BC3573BE1437333E /* libPods-SVGPodTest.a in Frameworks */ = {isa = PBXBuildFile; fileRef = 75EE9D501CE398AD0F091319 /* libPods-SVGPodTest.a */; };
		7A42C7DF480E25F78D0919CF /* libPods-SVGPodTest-tvOSTests.a in Frameworks */ = {isa = PBXBuildFile; fileRef = C23BD813160BD9F17E8412CD /* libPods-SVGPodTest-tvOSTests.a */; };
		948060C3205F33A000482E8F /* AppDelegate.m in Sources */ = {isa = PBXBuildFile; fileRef = 13B07FB01A68108700A75B9A /* AppDelegate.m */; };
		948060C4205F33A000482E8F /* main.m in Sources */ = {isa = PBXBuildFile; fileRef = 13B07FB71A68108700A75B9A /* main.m */; };
		948060C7205F33A000482E8F /* libPods-SVGPodTest.a in Frameworks */ = {isa = PBXBuildFile; fileRef = 75EE9D501CE398AD0F091319 /* libPods-SVGPodTest.a */; };
		948060C9205F33A000482E8F /* Images.xcassets in Resources */ = {isa = PBXBuildFile; fileRef = 13B07FB51A68108700A75B9A /* Images.xcassets */; };
		948060CA205F33A000482E8F /* LaunchScreen.xib in Resources */ = {isa = PBXBuildFile; fileRef = 13B07FB11A68108700A75B9A /* LaunchScreen.xib */; };
		9480622E205F37C600482E8F /* libFolly.a in Frameworks */ = {isa = PBXBuildFile; fileRef = 94806230205F37C600482E8F /* libFolly.a */; };
		9480622F205F37C600482E8F /* libGLog.a in Frameworks */ = {isa = PBXBuildFile; fileRef = 94806231205F37C600482E8F /* libGLog.a */; };
		94806232205F37C600482E8F /* libART.a in Frameworks */ = {isa = PBXBuildFile; fileRef = 94806199205F345A00482E8F /* libART.a */; };
		94806233205F37C600482E8F /* libcxxreact.a in Frameworks */ = {isa = PBXBuildFile; fileRef = 94806173205F345900482E8F /* libcxxreact.a */; };
		94806234205F37C600482E8F /* libdouble-conversion.a in Frameworks */ = {isa = PBXBuildFile; fileRef = 94806183205F345900482E8F /* libdouble-conversion.a */; };
		94806235205F37C600482E8F /* libfishhook.a in Frameworks */ = {isa = PBXBuildFile; fileRef = 94806139205F345800482E8F /* libfishhook.a */; };
		94806236205F37C600482E8F /* libjschelpers.a in Frameworks */ = {isa = PBXBuildFile; fileRef = 94806177205F345900482E8F /* libjschelpers.a */; };
		94806237205F37C600482E8F /* libjsinspector.a in Frameworks */ = {isa = PBXBuildFile; fileRef = 9480617B205F345900482E8F /* libjsinspector.a */; };
		94806238205F37C600482E8F /* libprivatedata.a in Frameworks */ = {isa = PBXBuildFile; fileRef = 94806187205F345900482E8F /* libprivatedata.a */; };
		94806239205F37C600482E8F /* libRCTActionSheet.a in Frameworks */ = {isa = PBXBuildFile; fileRef = 948061A1205F345A00482E8F /* libRCTActionSheet.a */; };
		9480623A205F37C600482E8F /* libRCTAnimation.a in Frameworks */ = {isa = PBXBuildFile; fileRef = 948060D9205F345600482E8F /* libRCTAnimation.a */; };
		9480623B205F37C600482E8F /* libRCTBlob.a in Frameworks */ = {isa = PBXBuildFile; fileRef = 94806118205F345700482E8F /* libRCTBlob.a */; };
		9480623C205F37C600482E8F /* libRCTCameraRoll.a in Frameworks */ = {isa = PBXBuildFile; fileRef = 94806111205F345700482E8F /* libRCTCameraRoll.a */; };
		9480623D205F37C600482E8F /* libRCTGeolocation.a in Frameworks */ = {isa = PBXBuildFile; fileRef = 948060E1205F345600482E8F /* libRCTGeolocation.a */; };
		9480623E205F37C600482E8F /* libRCTImage.a in Frameworks */ = {isa = PBXBuildFile; fileRef = 94806121205F345800482E8F /* libRCTImage.a */; };
		9480623F205F37C600482E8F /* libRCTLinking.a in Frameworks */ = {isa = PBXBuildFile; fileRef = 948060E8205F345700482E8F /* libRCTLinking.a */; };
		94806240205F37C600482E8F /* libRCTNetwork.a in Frameworks */ = {isa = PBXBuildFile; fileRef = 948061A8205F345A00482E8F /* libRCTNetwork.a */; };
		94806241205F37C600482E8F /* libRCTPushNotification.a in Frameworks */ = {isa = PBXBuildFile; fileRef = 948061C0205F345B00482E8F /* libRCTPushNotification.a */; };
		94806242205F37C600482E8F /* libRCTSettings.a in Frameworks */ = {isa = PBXBuildFile; fileRef = 948061B7205F345B00482E8F /* libRCTSettings.a */; };
		94806243205F37C600482E8F /* libRCTText.a in Frameworks */ = {isa = PBXBuildFile; fileRef = 94806190205F345900482E8F /* libRCTText.a */; };
		94806244205F37C600482E8F /* libRCTVibration.a in Frameworks */ = {isa = PBXBuildFile; fileRef = 9480610B205F345700482E8F /* libRCTVibration.a */; };
		94806245205F37C600482E8F /* libRCTWebSocket.a in Frameworks */ = {isa = PBXBuildFile; fileRef = 94806135205F345800482E8F /* libRCTWebSocket.a */; };
		94806246205F37C600482E8F /* libReact.a in Frameworks */ = {isa = PBXBuildFile; fileRef = 9480616B205F345900482E8F /* libReact.a */; };
		94806247205F37C600482E8F /* libthird-party.a in Frameworks */ = {isa = PBXBuildFile; fileRef = 9480617F205F345900482E8F /* libthird-party.a */; };
		94806248205F37C600482E8F /* libyoga.a in Frameworks */ = {isa = PBXBuildFile; fileRef = 9480616F205F345900482E8F /* libyoga.a */; };
		C2D7821EAEDF12C3267CE627 /* libPods-SVGPodTestTests.a in Frameworks */ = {isa = PBXBuildFile; fileRef = 69715523C14C7F4359A74A7E /* libPods-SVGPodTestTests.a */; };
		D8F899EE65CFA5D947F44C8C /* libPods-SVGPodTest-tvOS.a in Frameworks */ = {isa = PBXBuildFile; fileRef = 58F1C9CB8A5AB054E9B6A005 /* libPods-SVGPodTest-tvOS.a */; };
/* End PBXBuildFile section */

/* Begin PBXContainerItemProxy section */
		00E356F41AD99517003FC87E /* PBXContainerItemProxy */ = {
			isa = PBXContainerItemProxy;
			containerPortal = 83CBB9F71A601CBA00E9B192 /* Project object */;
			proxyType = 1;
			remoteGlobalIDString = 13B07F861A680F5B00A75B9A;
			remoteInfo = SVGPodTest;
		};
		2D02E4911E0B4A5D006451C7 /* PBXContainerItemProxy */ = {
			isa = PBXContainerItemProxy;
			containerPortal = 83CBB9F71A601CBA00E9B192 /* Project object */;
			proxyType = 1;
			remoteGlobalIDString = 2D02E47A1E0B4A5D006451C7;
			remoteInfo = "SVGPodTest-tvOS";
		};
		948060D8205F345600482E8F /* PBXContainerItemProxy */ = {
			isa = PBXContainerItemProxy;
			containerPortal = 948060D3205F345600482E8F /* RCTAnimation.xcodeproj */;
			proxyType = 2;
			remoteGlobalIDString = 134814201AA4EA6300B7C361;
			remoteInfo = RCTAnimation;
		};
		948060DA205F345600482E8F /* PBXContainerItemProxy */ = {
			isa = PBXContainerItemProxy;
			containerPortal = 948060D3205F345600482E8F /* RCTAnimation.xcodeproj */;
			proxyType = 2;
			remoteGlobalIDString = 2D2A28201D9B03D100D4039D;
			remoteInfo = "RCTAnimation-tvOS";
		};
		948060E0205F345600482E8F /* PBXContainerItemProxy */ = {
			isa = PBXContainerItemProxy;
			containerPortal = 948060DC205F345600482E8F /* RCTGeolocation.xcodeproj */;
			proxyType = 2;
			remoteGlobalIDString = 134814201AA4EA6300B7C361;
			remoteInfo = RCTGeolocation;
		};
		948060E7205F345700482E8F /* PBXContainerItemProxy */ = {
			isa = PBXContainerItemProxy;
			containerPortal = 948060E2205F345600482E8F /* RCTLinking.xcodeproj */;
			proxyType = 2;
			remoteGlobalIDString = 134814201AA4EA6300B7C361;
			remoteInfo = RCTLinking;
		};
		948060E9205F345700482E8F /* PBXContainerItemProxy */ = {
			isa = PBXContainerItemProxy;
			containerPortal = 948060E2205F345600482E8F /* RCTLinking.xcodeproj */;
			proxyType = 2;
			remoteGlobalIDString = 2D2A28471D9B043800D4039D;
			remoteInfo = "RCTLinking-tvOS";
		};
		948060FE205F345700482E8F /* PBXContainerItemProxy */ = {
			isa = PBXContainerItemProxy;
			containerPortal = 948060EB205F345700482E8F /* HelloWorld.xcodeproj */;
			proxyType = 2;
			remoteGlobalIDString = 13B07F961A680F5B00A75B9A;
			remoteInfo = HelloWorld;
		};
		94806100205F345700482E8F /* PBXContainerItemProxy */ = {
			isa = PBXContainerItemProxy;
			containerPortal = 948060EB205F345700482E8F /* HelloWorld.xcodeproj */;
			proxyType = 2;
			remoteGlobalIDString = 00E356EE1AD99517003FC87E;
			remoteInfo = HelloWorldTests;
		};
		94806102205F345700482E8F /* PBXContainerItemProxy */ = {
			isa = PBXContainerItemProxy;
			containerPortal = 948060EB205F345700482E8F /* HelloWorld.xcodeproj */;
			proxyType = 2;
			remoteGlobalIDString = 2D02E47B1E0B4A5D006451C7;
			remoteInfo = "HelloWorld-tvOS";
		};
		94806104205F345700482E8F /* PBXContainerItemProxy */ = {
			isa = PBXContainerItemProxy;
			containerPortal = 948060EB205F345700482E8F /* HelloWorld.xcodeproj */;
			proxyType = 2;
			remoteGlobalIDString = 2D02E4901E0B4A5D006451C7;
			remoteInfo = "HelloWorld-tvOSTests";
		};
		9480610A205F345700482E8F /* PBXContainerItemProxy */ = {
			isa = PBXContainerItemProxy;
			containerPortal = 94806106205F345700482E8F /* RCTVibration.xcodeproj */;
			proxyType = 2;
			remoteGlobalIDString = 832C81801AAF6DEF007FA2F7;
			remoteInfo = RCTVibration;
		};
		94806110205F345700482E8F /* PBXContainerItemProxy */ = {
			isa = PBXContainerItemProxy;
			containerPortal = 9480610C205F345700482E8F /* RCTCameraRoll.xcodeproj */;
			proxyType = 2;
			remoteGlobalIDString = 58B5115D1A9E6B3D00147676;
			remoteInfo = RCTCameraRoll;
		};
		94806117205F345700482E8F /* PBXContainerItemProxy */ = {
			isa = PBXContainerItemProxy;
			containerPortal = 94806112205F345700482E8F /* RCTBlob.xcodeproj */;
			proxyType = 2;
			remoteGlobalIDString = 358F4ED71D1E81A9004DF814;
			remoteInfo = RCTBlob;
		};
		94806119205F345700482E8F /* PBXContainerItemProxy */ = {
			isa = PBXContainerItemProxy;
			containerPortal = 94806112205F345700482E8F /* RCTBlob.xcodeproj */;
			proxyType = 2;
			remoteGlobalIDString = ADD01A681E09402E00F6D226;
			remoteInfo = "RCTBlob-tvOS";
		};
		94806120205F345800482E8F /* PBXContainerItemProxy */ = {
			isa = PBXContainerItemProxy;
			containerPortal = 9480611B205F345700482E8F /* RCTImage.xcodeproj */;
			proxyType = 2;
			remoteGlobalIDString = 58B5115D1A9E6B3D00147676;
			remoteInfo = RCTImage;
		};
		94806122205F345800482E8F /* PBXContainerItemProxy */ = {
			isa = PBXContainerItemProxy;
			containerPortal = 9480611B205F345700482E8F /* RCTImage.xcodeproj */;
			proxyType = 2;
			remoteGlobalIDString = 2D2A283A1D9B042B00D4039D;
			remoteInfo = "RCTImage-tvOS";
		};
		94806129205F345800482E8F /* PBXContainerItemProxy */ = {
			isa = PBXContainerItemProxy;
			containerPortal = 94806124205F345800482E8F /* RCTTest.xcodeproj */;
			proxyType = 2;
			remoteGlobalIDString = 580C376F1AB104AF0015E709;
			remoteInfo = RCTTest;
		};
		9480612B205F345800482E8F /* PBXContainerItemProxy */ = {
			isa = PBXContainerItemProxy;
			containerPortal = 94806124205F345800482E8F /* RCTTest.xcodeproj */;
			proxyType = 2;
			remoteGlobalIDString = 2D2A286E1D9B047700D4039D;
			remoteInfo = "RCTTest-tvOS";
		};
		94806134205F345800482E8F /* PBXContainerItemProxy */ = {
			isa = PBXContainerItemProxy;
			containerPortal = 9480612D205F345800482E8F /* RCTWebSocket.xcodeproj */;
			proxyType = 2;
			remoteGlobalIDString = 3C86DF461ADF2C930047B81A;
			remoteInfo = RCTWebSocket;
		};
		94806136205F345800482E8F /* PBXContainerItemProxy */ = {
			isa = PBXContainerItemProxy;
			containerPortal = 9480612D205F345800482E8F /* RCTWebSocket.xcodeproj */;
			proxyType = 2;
			remoteGlobalIDString = 2D2A28881D9B049200D4039D;
			remoteInfo = "RCTWebSocket-tvOS";
		};
		94806138205F345800482E8F /* PBXContainerItemProxy */ = {
			isa = PBXContainerItemProxy;
			containerPortal = 9480612D205F345800482E8F /* RCTWebSocket.xcodeproj */;
			proxyType = 2;
			remoteGlobalIDString = 3DBE0D001F3B181A0099AA32;
			remoteInfo = fishhook;
		};
		9480613A205F345800482E8F /* PBXContainerItemProxy */ = {
			isa = PBXContainerItemProxy;
			containerPortal = 9480612D205F345800482E8F /* RCTWebSocket.xcodeproj */;
			proxyType = 2;
			remoteGlobalIDString = 3DBE0D0D1F3B181C0099AA32;
			remoteInfo = "fishhook-tvOS";
		};
		9480616A205F345900482E8F /* PBXContainerItemProxy */ = {
			isa = PBXContainerItemProxy;
			containerPortal = 94806157205F345900482E8F /* React.xcodeproj */;
			proxyType = 2;
			remoteGlobalIDString = 83CBBA2E1A601D0E00E9B192;
			remoteInfo = React;
		};
		9480616C205F345900482E8F /* PBXContainerItemProxy */ = {
			isa = PBXContainerItemProxy;
			containerPortal = 94806157205F345900482E8F /* React.xcodeproj */;
			proxyType = 2;
			remoteGlobalIDString = 2D2A28131D9B038B00D4039D;
			remoteInfo = "React-tvOS";
		};
		9480616E205F345900482E8F /* PBXContainerItemProxy */ = {
			isa = PBXContainerItemProxy;
			containerPortal = 94806157205F345900482E8F /* React.xcodeproj */;
			proxyType = 2;
			remoteGlobalIDString = 3D3C059A1DE3340900C268FA;
			remoteInfo = yoga;
		};
		94806170205F345900482E8F /* PBXContainerItemProxy */ = {
			isa = PBXContainerItemProxy;
			containerPortal = 94806157205F345900482E8F /* React.xcodeproj */;
			proxyType = 2;
			remoteGlobalIDString = 3D3C06751DE3340C00C268FA;
			remoteInfo = "yoga-tvOS";
		};
		94806172205F345900482E8F /* PBXContainerItemProxy */ = {
			isa = PBXContainerItemProxy;
			containerPortal = 94806157205F345900482E8F /* React.xcodeproj */;
			proxyType = 2;
			remoteGlobalIDString = 3D3CD9251DE5FBEC00167DC4;
			remoteInfo = cxxreact;
		};
		94806174205F345900482E8F /* PBXContainerItemProxy */ = {
			isa = PBXContainerItemProxy;
			containerPortal = 94806157205F345900482E8F /* React.xcodeproj */;
			proxyType = 2;
			remoteGlobalIDString = 3D3CD9321DE5FBEE00167DC4;
			remoteInfo = "cxxreact-tvOS";
		};
		94806176205F345900482E8F /* PBXContainerItemProxy */ = {
			isa = PBXContainerItemProxy;
			containerPortal = 94806157205F345900482E8F /* React.xcodeproj */;
			proxyType = 2;
			remoteGlobalIDString = 3D3CD90B1DE5FBD600167DC4;
			remoteInfo = jschelpers;
		};
		94806178205F345900482E8F /* PBXContainerItemProxy */ = {
			isa = PBXContainerItemProxy;
			containerPortal = 94806157205F345900482E8F /* React.xcodeproj */;
			proxyType = 2;
			remoteGlobalIDString = 3D3CD9181DE5FBD800167DC4;
			remoteInfo = "jschelpers-tvOS";
		};
		9480617A205F345900482E8F /* PBXContainerItemProxy */ = {
			isa = PBXContainerItemProxy;
			containerPortal = 94806157205F345900482E8F /* React.xcodeproj */;
			proxyType = 2;
			remoteGlobalIDString = EBF21BDC1FC498900052F4D5;
			remoteInfo = jsinspector;
		};
		9480617C205F345900482E8F /* PBXContainerItemProxy */ = {
			isa = PBXContainerItemProxy;
			containerPortal = 94806157205F345900482E8F /* React.xcodeproj */;
			proxyType = 2;
			remoteGlobalIDString = EBF21BFA1FC4989A0052F4D5;
			remoteInfo = "jsinspector-tvOS";
		};
		9480617E205F345900482E8F /* PBXContainerItemProxy */ = {
			isa = PBXContainerItemProxy;
			containerPortal = 94806157205F345900482E8F /* React.xcodeproj */;
			proxyType = 2;
			remoteGlobalIDString = 139D7ECE1E25DB7D00323FB7;
			remoteInfo = "third-party";
		};
		94806180205F345900482E8F /* PBXContainerItemProxy */ = {
			isa = PBXContainerItemProxy;
			containerPortal = 94806157205F345900482E8F /* React.xcodeproj */;
			proxyType = 2;
			remoteGlobalIDString = 3D383D3C1EBD27B6005632C8;
			remoteInfo = "third-party-tvOS";
		};
		94806182205F345900482E8F /* PBXContainerItemProxy */ = {
			isa = PBXContainerItemProxy;
			containerPortal = 94806157205F345900482E8F /* React.xcodeproj */;
			proxyType = 2;
			remoteGlobalIDString = 139D7E881E25C6D100323FB7;
			remoteInfo = "double-conversion";
		};
		94806184205F345900482E8F /* PBXContainerItemProxy */ = {
			isa = PBXContainerItemProxy;
			containerPortal = 94806157205F345900482E8F /* React.xcodeproj */;
			proxyType = 2;
			remoteGlobalIDString = 3D383D621EBD27B9005632C8;
			remoteInfo = "double-conversion-tvOS";
		};
		94806186205F345900482E8F /* PBXContainerItemProxy */ = {
			isa = PBXContainerItemProxy;
			containerPortal = 94806157205F345900482E8F /* React.xcodeproj */;
			proxyType = 2;
			remoteGlobalIDString = 9936F3131F5F2E4B0010BF04;
			remoteInfo = privatedata;
		};
		94806188205F345900482E8F /* PBXContainerItemProxy */ = {
			isa = PBXContainerItemProxy;
			containerPortal = 94806157205F345900482E8F /* React.xcodeproj */;
			proxyType = 2;
			remoteGlobalIDString = 9936F32F1F5F2E5B0010BF04;
			remoteInfo = "privatedata-tvOS";
		};
		9480618F205F345900482E8F /* PBXContainerItemProxy */ = {
			isa = PBXContainerItemProxy;
			containerPortal = 9480618A205F345900482E8F /* RCTText.xcodeproj */;
			proxyType = 2;
			remoteGlobalIDString = 58B5119B1A9E6C1200147676;
			remoteInfo = RCTText;
		};
		94806191205F345900482E8F /* PBXContainerItemProxy */ = {
			isa = PBXContainerItemProxy;
			containerPortal = 9480618A205F345900482E8F /* RCTText.xcodeproj */;
			proxyType = 2;
			remoteGlobalIDString = 2D2A287B1D9B048500D4039D;
			remoteInfo = "RCTText-tvOS";
		};
		94806198205F345A00482E8F /* PBXContainerItemProxy */ = {
			isa = PBXContainerItemProxy;
			containerPortal = 94806193205F345900482E8F /* ART.xcodeproj */;
			proxyType = 2;
			remoteGlobalIDString = 0CF68AC11AF0540F00FF9E5C;
			remoteInfo = ART;
		};
		9480619A205F345A00482E8F /* PBXContainerItemProxy */ = {
			isa = PBXContainerItemProxy;
			containerPortal = 94806193205F345900482E8F /* ART.xcodeproj */;
			proxyType = 2;
			remoteGlobalIDString = 323A12871E5F266B004975B8;
			remoteInfo = "ART-tvOS";
		};
		948061A0205F345A00482E8F /* PBXContainerItemProxy */ = {
			isa = PBXContainerItemProxy;
			containerPortal = 9480619C205F345A00482E8F /* RCTActionSheet.xcodeproj */;
			proxyType = 2;
			remoteGlobalIDString = 134814201AA4EA6300B7C361;
			remoteInfo = RCTActionSheet;
		};
		948061A7205F345A00482E8F /* PBXContainerItemProxy */ = {
			isa = PBXContainerItemProxy;
			containerPortal = 948061A2205F345A00482E8F /* RCTNetwork.xcodeproj */;
			proxyType = 2;
			remoteGlobalIDString = 58B511DB1A9E6C8500147676;
			remoteInfo = RCTNetwork;
		};
		948061A9205F345A00482E8F /* PBXContainerItemProxy */ = {
			isa = PBXContainerItemProxy;
			containerPortal = 948061A2205F345A00482E8F /* RCTNetwork.xcodeproj */;
			proxyType = 2;
			remoteGlobalIDString = 2D2A28541D9B044C00D4039D;
			remoteInfo = "RCTNetwork-tvOS";
		};
		948061AF205F345A00482E8F /* PBXContainerItemProxy */ = {
			isa = PBXContainerItemProxy;
			containerPortal = 948061AB205F345A00482E8F /* Sample.xcodeproj */;
			proxyType = 2;
			remoteGlobalIDString = 134814201AA4EA6300B7C361;
			remoteInfo = Sample;
		};
		948061B6205F345B00482E8F /* PBXContainerItemProxy */ = {
			isa = PBXContainerItemProxy;
			containerPortal = 948061B1205F345B00482E8F /* RCTSettings.xcodeproj */;
			proxyType = 2;
			remoteGlobalIDString = 134814201AA4EA6300B7C361;
			remoteInfo = RCTSettings;
		};
		948061B8205F345B00482E8F /* PBXContainerItemProxy */ = {
			isa = PBXContainerItemProxy;
			containerPortal = 948061B1205F345B00482E8F /* RCTSettings.xcodeproj */;
			proxyType = 2;
			remoteGlobalIDString = 2D2A28611D9B046600D4039D;
			remoteInfo = "RCTSettings-tvOS";
		};
		948061BF205F345B00482E8F /* PBXContainerItemProxy */ = {
			isa = PBXContainerItemProxy;
			containerPortal = 948061BA205F345B00482E8F /* RCTPushNotification.xcodeproj */;
			proxyType = 2;
			remoteGlobalIDString = 134814201AA4EA6300B7C361;
			remoteInfo = RCTPushNotification;
		};
		948061C1205F345B00482E8F /* PBXContainerItemProxy */ = {
			isa = PBXContainerItemProxy;
			containerPortal = 948061BA205F345B00482E8F /* RCTPushNotification.xcodeproj */;
			proxyType = 2;
			remoteGlobalIDString = 3D05745F1DE6004600184BB4;
			remoteInfo = "RCTPushNotification-tvOS";
		};
/* End PBXContainerItemProxy section */

/* Begin PBXFileReference section */
		008F07F21AC5B25A0029DE68 /* main.jsbundle */ = {isa = PBXFileReference; fileEncoding = 4; lastKnownFileType = text; path = main.jsbundle; sourceTree = "<group>"; };
		00E356EE1AD99517003FC87E /* SVGPodTestTests.xctest */ = {isa = PBXFileReference; explicitFileType = wrapper.cfbundle; includeInIndex = 0; path = SVGPodTestTests.xctest; sourceTree = BUILT_PRODUCTS_DIR; };
		00E356F11AD99517003FC87E /* Info.plist */ = {isa = PBXFileReference; lastKnownFileType = text.plist.xml; path = Info.plist; sourceTree = "<group>"; };
		00E356F21AD99517003FC87E /* SVGPodTestTests.m */ = {isa = PBXFileReference; lastKnownFileType = sourcecode.c.objc; path = SVGPodTestTests.m; sourceTree = "<group>"; };
		116F60D7D2A813D1B4F24FAF /* Pods-SVGPodTestTests.release.xcconfig */ = {isa = PBXFileReference; includeInIndex = 1; lastKnownFileType = text.xcconfig; name = "Pods-SVGPodTestTests.release.xcconfig"; path = "Pods/Target Support Files/Pods-SVGPodTestTests/Pods-SVGPodTestTests.release.xcconfig"; sourceTree = "<group>"; };
		13B07F961A680F5B00A75B9A /* SVGPodTest.app */ = {isa = PBXFileReference; explicitFileType = wrapper.application; includeInIndex = 0; path = SVGPodTest.app; sourceTree = BUILT_PRODUCTS_DIR; };
		13B07FAF1A68108700A75B9A /* AppDelegate.h */ = {isa = PBXFileReference; fileEncoding = 4; lastKnownFileType = sourcecode.c.h; name = AppDelegate.h; path = SVGPodTest/AppDelegate.h; sourceTree = "<group>"; };
		13B07FB01A68108700A75B9A /* AppDelegate.m */ = {isa = PBXFileReference; fileEncoding = 4; lastKnownFileType = sourcecode.c.objc; name = AppDelegate.m; path = SVGPodTest/AppDelegate.m; sourceTree = "<group>"; };
		13B07FB21A68108700A75B9A /* Base */ = {isa = PBXFileReference; lastKnownFileType = file.xib; name = Base; path = Base.lproj/LaunchScreen.xib; sourceTree = "<group>"; };
		13B07FB51A68108700A75B9A /* Images.xcassets */ = {isa = PBXFileReference; lastKnownFileType = folder.assetcatalog; name = Images.xcassets; path = SVGPodTest/Images.xcassets; sourceTree = "<group>"; };
		13B07FB61A68108700A75B9A /* Info.plist */ = {isa = PBXFileReference; fileEncoding = 4; lastKnownFileType = text.plist.xml; name = Info.plist; path = SVGPodTest/Info.plist; sourceTree = "<group>"; };
		13B07FB71A68108700A75B9A /* main.m */ = {isa = PBXFileReference; fileEncoding = 4; lastKnownFileType = sourcecode.c.objc; name = main.m; path = SVGPodTest/main.m; sourceTree = "<group>"; };
		16C47336C907D6D56F95A640 /* Pods-SVGPodTest.debug.xcconfig */ = {isa = PBXFileReference; includeInIndex = 1; lastKnownFileType = text.xcconfig; name = "Pods-SVGPodTest.debug.xcconfig"; path = "Pods/Target Support Files/Pods-SVGPodTest/Pods-SVGPodTest.debug.xcconfig"; sourceTree = "<group>"; };
		20662486445F66D782CE3BE3 /* Pods-SVGPodTest-tvOS.release.xcconfig */ = {isa = PBXFileReference; includeInIndex = 1; lastKnownFileType = text.xcconfig; name = "Pods-SVGPodTest-tvOS.release.xcconfig"; path = "Pods/Target Support Files/Pods-SVGPodTest-tvOS/Pods-SVGPodTest-tvOS.release.xcconfig"; sourceTree = "<group>"; };
		2A23D6EDA8D067233159723A /* Pods-SVGPodTest.release.xcconfig */ = {isa = PBXFileReference; includeInIndex = 1; lastKnownFileType = text.xcconfig; name = "Pods-SVGPodTest.release.xcconfig"; path = "Pods/Target Support Files/Pods-SVGPodTest/Pods-SVGPodTest.release.xcconfig"; sourceTree = "<group>"; };
		2D02E47B1E0B4A5D006451C7 /* SVGPodTest-tvOS.app */ = {isa = PBXFileReference; explicitFileType = wrapper.application; includeInIndex = 0; path = "SVGPodTest-tvOS.app"; sourceTree = BUILT_PRODUCTS_DIR; };
		2D02E4901E0B4A5D006451C7 /* SVGPodTest-tvOSTests.xctest */ = {isa = PBXFileReference; explicitFileType = wrapper.cfbundle; includeInIndex = 0; path = "SVGPodTest-tvOSTests.xctest"; sourceTree = BUILT_PRODUCTS_DIR; };
		2D16E6891FA4F8E400B85C8A /* libReact.a */ = {isa = PBXFileReference; explicitFileType = archive.ar; path = libReact.a; sourceTree = BUILT_PRODUCTS_DIR; };
		49B0E39A94D84F05190B3CC8 /* Pods-SVGPodTest-tvOS.debug.xcconfig */ = {isa = PBXFileReference; includeInIndex = 1; lastKnownFileType = text.xcconfig; name = "Pods-SVGPodTest-tvOS.debug.xcconfig"; path = "Pods/Target Support Files/Pods-SVGPodTest-tvOS/Pods-SVGPodTest-tvOS.debug.xcconfig"; sourceTree = "<group>"; };
		58F1C9CB8A5AB054E9B6A005 /* libPods-SVGPodTest-tvOS.a */ = {isa = PBXFileReference; explicitFileType = archive.ar; includeInIndex = 0; path = "libPods-SVGPodTest-tvOS.a"; sourceTree = BUILT_PRODUCTS_DIR; };
		69715523C14C7F4359A74A7E /* libPods-SVGPodTestTests.a */ = {isa = PBXFileReference; explicitFileType = archive.ar; includeInIndex = 0; path = "libPods-SVGPodTestTests.a"; sourceTree = BUILT_PRODUCTS_DIR; };
		75EE9D501CE398AD0F091319 /* libPods-SVGPodTest.a */ = {isa = PBXFileReference; explicitFileType = archive.ar; includeInIndex = 0; path = "libPods-SVGPodTest.a"; sourceTree = BUILT_PRODUCTS_DIR; };
		7619DAFF711F7D29F1599B8A /* Pods-SVGPodTestTests.debug.xcconfig */ = {isa = PBXFileReference; includeInIndex = 1; lastKnownFileType = text.xcconfig; name = "Pods-SVGPodTestTests.debug.xcconfig"; path = "Pods/Target Support Files/Pods-SVGPodTestTests/Pods-SVGPodTestTests.debug.xcconfig"; sourceTree = "<group>"; };
		81835D5AD17FDC859014AA18 /* Pods-SVGPodTest-tvOSTests.release.xcconfig */ = {isa = PBXFileReference; includeInIndex = 1; lastKnownFileType = text.xcconfig; name = "Pods-SVGPodTest-tvOSTests.release.xcconfig"; path = "Pods/Target Support Files/Pods-SVGPodTest-tvOSTests/Pods-SVGPodTest-tvOSTests.release.xcconfig"; sourceTree = "<group>"; };
		948060D1205F33A000482E8F /* SVGPodTestDebugXCode.app */ = {isa = PBXFileReference; explicitFileType = wrapper.application; includeInIndex = 0; path = SVGPodTestDebugXCode.app; sourceTree = BUILT_PRODUCTS_DIR; };
		948060D2205F33A100482E8F /* SVGPodTestDebugXCode-Info.plist */ = {isa = PBXFileReference; lastKnownFileType = text.plist.xml; name = "SVGPodTestDebugXCode-Info.plist"; path = "/Users/jannegylling/Micke/SVGPodTest/ios/SVGPodTestDebugXCode-Info.plist"; sourceTree = "<absolute>"; };
		948060D3205F345600482E8F /* RCTAnimation.xcodeproj */ = {isa = PBXFileReference; lastKnownFileType = "wrapper.pb-project"; name = RCTAnimation.xcodeproj; path = "../node_modules/react-native/Libraries/NativeAnimation/RCTAnimation.xcodeproj"; sourceTree = "<group>"; };
		948060DC205F345600482E8F /* RCTGeolocation.xcodeproj */ = {isa = PBXFileReference; lastKnownFileType = "wrapper.pb-project"; name = RCTGeolocation.xcodeproj; path = "../node_modules/react-native/Libraries/Geolocation/RCTGeolocation.xcodeproj"; sourceTree = "<group>"; };
		948060E2205F345600482E8F /* RCTLinking.xcodeproj */ = {isa = PBXFileReference; lastKnownFileType = "wrapper.pb-project"; name = RCTLinking.xcodeproj; path = "../node_modules/react-native/Libraries/LinkingIOS/RCTLinking.xcodeproj"; sourceTree = "<group>"; };
		948060EB205F345700482E8F /* HelloWorld.xcodeproj */ = {isa = PBXFileReference; lastKnownFileType = "wrapper.pb-project"; name = HelloWorld.xcodeproj; path = "../node_modules/react-native/local-cli/templates/HelloWorld/ios/HelloWorld.xcodeproj"; sourceTree = "<group>"; };
		94806106205F345700482E8F /* RCTVibration.xcodeproj */ = {isa = PBXFileReference; lastKnownFileType = "wrapper.pb-project"; name = RCTVibration.xcodeproj; path = "../node_modules/react-native/Libraries/Vibration/RCTVibration.xcodeproj"; sourceTree = "<group>"; };
		9480610C205F345700482E8F /* RCTCameraRoll.xcodeproj */ = {isa = PBXFileReference; lastKnownFileType = "wrapper.pb-project"; name = RCTCameraRoll.xcodeproj; path = "../node_modules/react-native/Libraries/CameraRoll/RCTCameraRoll.xcodeproj"; sourceTree = "<group>"; };
		94806112205F345700482E8F /* RCTBlob.xcodeproj */ = {isa = PBXFileReference; lastKnownFileType = "wrapper.pb-project"; name = RCTBlob.xcodeproj; path = "../node_modules/react-native/Libraries/Blob/RCTBlob.xcodeproj"; sourceTree = "<group>"; };
		9480611B205F345700482E8F /* RCTImage.xcodeproj */ = {isa = PBXFileReference; lastKnownFileType = "wrapper.pb-project"; name = RCTImage.xcodeproj; path = "../node_modules/react-native/Libraries/Image/RCTImage.xcodeproj"; sourceTree = "<group>"; };
		94806124205F345800482E8F /* RCTTest.xcodeproj */ = {isa = PBXFileReference; lastKnownFileType = "wrapper.pb-project"; name = RCTTest.xcodeproj; path = "../node_modules/react-native/Libraries/RCTTest/RCTTest.xcodeproj"; sourceTree = "<group>"; };
		9480612D205F345800482E8F /* RCTWebSocket.xcodeproj */ = {isa = PBXFileReference; lastKnownFileType = "wrapper.pb-project"; name = RCTWebSocket.xcodeproj; path = "../node_modules/react-native/Libraries/WebSocket/RCTWebSocket.xcodeproj"; sourceTree = "<group>"; };
		94806157205F345900482E8F /* React.xcodeproj */ = {isa = PBXFileReference; lastKnownFileType = "wrapper.pb-project"; name = React.xcodeproj; path = "../node_modules/react-native/React/React.xcodeproj"; sourceTree = "<group>"; };
		9480618A205F345900482E8F /* RCTText.xcodeproj */ = {isa = PBXFileReference; lastKnownFileType = "wrapper.pb-project"; name = RCTText.xcodeproj; path = "../node_modules/react-native/Libraries/Text/RCTText.xcodeproj"; sourceTree = "<group>"; };
		94806193205F345900482E8F /* ART.xcodeproj */ = {isa = PBXFileReference; lastKnownFileType = "wrapper.pb-project"; name = ART.xcodeproj; path = "../node_modules/react-native/Libraries/ART/ART.xcodeproj"; sourceTree = "<group>"; };
		9480619C205F345A00482E8F /* RCTActionSheet.xcodeproj */ = {isa = PBXFileReference; lastKnownFileType = "wrapper.pb-project"; name = RCTActionSheet.xcodeproj; path = "../node_modules/react-native/Libraries/ActionSheetIOS/RCTActionSheet.xcodeproj"; sourceTree = "<group>"; };
		948061A2205F345A00482E8F /* RCTNetwork.xcodeproj */ = {isa = PBXFileReference; lastKnownFileType = "wrapper.pb-project"; name = RCTNetwork.xcodeproj; path = "../node_modules/react-native/Libraries/Network/RCTNetwork.xcodeproj"; sourceTree = "<group>"; };
		948061AB205F345A00482E8F /* Sample.xcodeproj */ = {isa = PBXFileReference; lastKnownFileType = "wrapper.pb-project"; name = Sample.xcodeproj; path = "../node_modules/react-native/Libraries/Sample/Sample.xcodeproj"; sourceTree = "<group>"; };
		948061B1205F345B00482E8F /* RCTSettings.xcodeproj */ = {isa = PBXFileReference; lastKnownFileType = "wrapper.pb-project"; name = RCTSettings.xcodeproj; path = "../node_modules/react-native/Libraries/Settings/RCTSettings.xcodeproj"; sourceTree = "<group>"; };
		948061BA205F345B00482E8F /* RCTPushNotification.xcodeproj */ = {isa = PBXFileReference; lastKnownFileType = "wrapper.pb-project"; name = RCTPushNotification.xcodeproj; path = "../node_modules/react-native/Libraries/PushNotificationIOS/RCTPushNotification.xcodeproj"; sourceTree = "<group>"; };
		948061C5205F34D300482E8F /* libFolly.a */ = {isa = PBXFileReference; explicitFileType = archive.ar; path = libFolly.a; sourceTree = BUILT_PRODUCTS_DIR; };
		948061C6205F34D300482E8F /* libGLog.a */ = {isa = PBXFileReference; explicitFileType = archive.ar; path = libGLog.a; sourceTree = BUILT_PRODUCTS_DIR; };
		94806230205F37C600482E8F /* libFolly.a */ = {isa = PBXFileReference; explicitFileType = archive.ar; path = libFolly.a; sourceTree = BUILT_PRODUCTS_DIR; };
		94806231205F37C600482E8F /* libGLog.a */ = {isa = PBXFileReference; explicitFileType = archive.ar; path = libGLog.a; sourceTree = BUILT_PRODUCTS_DIR; };
		94B5FCA6205434BA00B80241 /* libReact.a */ = {isa = PBXFileReference; explicitFileType = archive.ar; path = libReact.a; sourceTree = BUILT_PRODUCTS_DIR; };
		A11EE10D28C465F94BB3EB3C /* Pods-SVGPodTest-tvOSTests.debug.xcconfig */ = {isa = PBXFileReference; includeInIndex = 1; lastKnownFileType = text.xcconfig; name = "Pods-SVGPodTest-tvOSTests.debug.xcconfig"; path = "Pods/Target Support Files/Pods-SVGPodTest-tvOSTests/Pods-SVGPodTest-tvOSTests.debug.xcconfig"; sourceTree = "<group>"; };
		C23BD813160BD9F17E8412CD /* libPods-SVGPodTest-tvOSTests.a */ = {isa = PBXFileReference; explicitFileType = archive.ar; includeInIndex = 0; path = "libPods-SVGPodTest-tvOSTests.a"; sourceTree = BUILT_PRODUCTS_DIR; };
/* End PBXFileReference section */

/* Begin PBXFrameworksBuildPhase section */
		00E356EB1AD99517003FC87E /* Frameworks */ = {
			isa = PBXFrameworksBuildPhase;
			buildActionMask = 2147483647;
			files = (
				C2D7821EAEDF12C3267CE627 /* libPods-SVGPodTestTests.a in Frameworks */,
			);
			runOnlyForDeploymentPostprocessing = 0;
		};
		13B07F8C1A680F5B00A75B9A /* Frameworks */ = {
			isa = PBXFrameworksBuildPhase;
			buildActionMask = 2147483647;
			files = (
				38530BB6BC3573BE1437333E /* libPods-SVGPodTest.a in Frameworks */,
			);
			runOnlyForDeploymentPostprocessing = 0;
		};
		2D02E4781E0B4A5D006451C7 /* Frameworks */ = {
			isa = PBXFrameworksBuildPhase;
			buildActionMask = 2147483647;
			files = (
				2D16E6881FA4F8E400B85C8A /* libReact.a in Frameworks */,
				D8F899EE65CFA5D947F44C8C /* libPods-SVGPodTest-tvOS.a in Frameworks */,
			);
			runOnlyForDeploymentPostprocessing = 0;
		};
		2D02E48D1E0B4A5D006451C7 /* Frameworks */ = {
			isa = PBXFrameworksBuildPhase;
			buildActionMask = 2147483647;
			files = (
				7A42C7DF480E25F78D0919CF /* libPods-SVGPodTest-tvOSTests.a in Frameworks */,
			);
			runOnlyForDeploymentPostprocessing = 0;
		};
		948060C5205F33A000482E8F /* Frameworks */ = {
			isa = PBXFrameworksBuildPhase;
			buildActionMask = 2147483647;
			files = (
				94806232205F37C600482E8F /* libART.a in Frameworks */,
				94806233205F37C600482E8F /* libcxxreact.a in Frameworks */,
				94806234205F37C600482E8F /* libdouble-conversion.a in Frameworks */,
				94806235205F37C600482E8F /* libfishhook.a in Frameworks */,
				9480622E205F37C600482E8F /* libFolly.a in Frameworks */,
				9480622F205F37C600482E8F /* libGLog.a in Frameworks */,
				94806236205F37C600482E8F /* libjschelpers.a in Frameworks */,
				94806237205F37C600482E8F /* libjsinspector.a in Frameworks */,
				94806238205F37C600482E8F /* libprivatedata.a in Frameworks */,
				94806239205F37C600482E8F /* libRCTActionSheet.a in Frameworks */,
				9480623A205F37C600482E8F /* libRCTAnimation.a in Frameworks */,
				9480623B205F37C600482E8F /* libRCTBlob.a in Frameworks */,
				9480623C205F37C600482E8F /* libRCTCameraRoll.a in Frameworks */,
				9480623D205F37C600482E8F /* libRCTGeolocation.a in Frameworks */,
				9480623E205F37C600482E8F /* libRCTImage.a in Frameworks */,
				9480623F205F37C600482E8F /* libRCTLinking.a in Frameworks */,
				94806240205F37C600482E8F /* libRCTNetwork.a in Frameworks */,
				94806241205F37C600482E8F /* libRCTPushNotification.a in Frameworks */,
				94806242205F37C600482E8F /* libRCTSettings.a in Frameworks */,
				94806243205F37C600482E8F /* libRCTText.a in Frameworks */,
				94806244205F37C600482E8F /* libRCTVibration.a in Frameworks */,
				94806245205F37C600482E8F /* libRCTWebSocket.a in Frameworks */,
				94806246205F37C600482E8F /* libReact.a in Frameworks */,
				94806247205F37C600482E8F /* libthird-party.a in Frameworks */,
				94806248205F37C600482E8F /* libyoga.a in Frameworks */,
				948060C7205F33A000482E8F /* libPods-SVGPodTest.a in Frameworks */,
			);
			runOnlyForDeploymentPostprocessing = 0;
		};
/* End PBXFrameworksBuildPhase section */

/* Begin PBXGroup section */
		00E356EF1AD99517003FC87E /* SVGPodTestTests */ = {
			isa = PBXGroup;
			children = (
				00E356F21AD99517003FC87E /* SVGPodTestTests.m */,
				00E356F01AD99517003FC87E /* Supporting Files */,
			);
			path = SVGPodTestTests;
			sourceTree = "<group>";
		};
		00E356F01AD99517003FC87E /* Supporting Files */ = {
			isa = PBXGroup;
			children = (
				00E356F11AD99517003FC87E /* Info.plist */,
			);
			name = "Supporting Files";
			sourceTree = "<group>";
		};
		13B07FAE1A68108700A75B9A /* SVGPodTest */ = {
			isa = PBXGroup;
			children = (
				008F07F21AC5B25A0029DE68 /* main.jsbundle */,
				13B07FAF1A68108700A75B9A /* AppDelegate.h */,
				13B07FB01A68108700A75B9A /* AppDelegate.m */,
				13B07FB51A68108700A75B9A /* Images.xcassets */,
				13B07FB61A68108700A75B9A /* Info.plist */,
				13B07FB11A68108700A75B9A /* LaunchScreen.xib */,
				13B07FB71A68108700A75B9A /* main.m */,
			);
			name = SVGPodTest;
			sourceTree = "<group>";
		};
		2D16E6871FA4F8E400B85C8A /* Frameworks */ = {
			isa = PBXGroup;
			children = (
				94806230205F37C600482E8F /* libFolly.a */,
				94806231205F37C600482E8F /* libGLog.a */,
				948061C5205F34D300482E8F /* libFolly.a */,
				948061C6205F34D300482E8F /* libGLog.a */,
				94B5FCA6205434BA00B80241 /* libReact.a */,
				2D16E6891FA4F8E400B85C8A /* libReact.a */,
				75EE9D501CE398AD0F091319 /* libPods-SVGPodTest.a */,
				58F1C9CB8A5AB054E9B6A005 /* libPods-SVGPodTest-tvOS.a */,
				C23BD813160BD9F17E8412CD /* libPods-SVGPodTest-tvOSTests.a */,
				69715523C14C7F4359A74A7E /* libPods-SVGPodTestTests.a */,
			);
			name = Frameworks;
			sourceTree = "<group>";
		};
		832341AE1AAA6A7D00B99B32 /* Libraries */ = {
			isa = PBXGroup;
			children = (
				94806193205F345900482E8F /* ART.xcodeproj */,
				948060EB205F345700482E8F /* HelloWorld.xcodeproj */,
				9480619C205F345A00482E8F /* RCTActionSheet.xcodeproj */,
				948060D3205F345600482E8F /* RCTAnimation.xcodeproj */,
				94806112205F345700482E8F /* RCTBlob.xcodeproj */,
				9480610C205F345700482E8F /* RCTCameraRoll.xcodeproj */,
				948060DC205F345600482E8F /* RCTGeolocation.xcodeproj */,
				9480611B205F345700482E8F /* RCTImage.xcodeproj */,
				948060E2205F345600482E8F /* RCTLinking.xcodeproj */,
				948061A2205F345A00482E8F /* RCTNetwork.xcodeproj */,
				948061BA205F345B00482E8F /* RCTPushNotification.xcodeproj */,
				948061B1205F345B00482E8F /* RCTSettings.xcodeproj */,
				94806124205F345800482E8F /* RCTTest.xcodeproj */,
				9480618A205F345900482E8F /* RCTText.xcodeproj */,
				94806106205F345700482E8F /* RCTVibration.xcodeproj */,
				9480612D205F345800482E8F /* RCTWebSocket.xcodeproj */,
				94806157205F345900482E8F /* React.xcodeproj */,
				948061AB205F345A00482E8F /* Sample.xcodeproj */,
			);
			name = Libraries;
			sourceTree = "<group>";
		};
		83CBB9F61A601CBA00E9B192 = {
			isa = PBXGroup;
			children = (
				13B07FAE1A68108700A75B9A /* SVGPodTest */,
				832341AE1AAA6A7D00B99B32 /* Libraries */,
				00E356EF1AD99517003FC87E /* SVGPodTestTests */,
				83CBBA001A601CBA00E9B192 /* Products */,
				2D16E6871FA4F8E400B85C8A /* Frameworks */,
				94BE7C562010BC7A0030366A /* Recovered References */,
				A2F8143F559F61DF4D71A881 /* Pods */,
				948060D2205F33A100482E8F /* SVGPodTestDebugXCode-Info.plist */,
			);
			indentWidth = 2;
			sourceTree = "<group>";
			tabWidth = 2;
			usesTabs = 0;
		};
		83CBBA001A601CBA00E9B192 /* Products */ = {
			isa = PBXGroup;
			children = (
				13B07F961A680F5B00A75B9A /* SVGPodTest.app */,
				00E356EE1AD99517003FC87E /* SVGPodTestTests.xctest */,
				2D02E47B1E0B4A5D006451C7 /* SVGPodTest-tvOS.app */,
				2D02E4901E0B4A5D006451C7 /* SVGPodTest-tvOSTests.xctest */,
				948060D1205F33A000482E8F /* SVGPodTestDebugXCode.app */,
			);
			name = Products;
			sourceTree = "<group>";
		};
		948060D4205F345600482E8F /* Products */ = {
			isa = PBXGroup;
			children = (
				948060D9205F345600482E8F /* libRCTAnimation.a */,
				948060DB205F345600482E8F /* libRCTAnimation.a */,
			);
			name = Products;
			sourceTree = "<group>";
		};
		948060DD205F345600482E8F /* Products */ = {
			isa = PBXGroup;
			children = (
				948060E1205F345600482E8F /* libRCTGeolocation.a */,
			);
			name = Products;
			sourceTree = "<group>";
		};
		948060E3205F345600482E8F /* Products */ = {
			isa = PBXGroup;
			children = (
				948060E8205F345700482E8F /* libRCTLinking.a */,
				948060EA205F345700482E8F /* libRCTLinking-tvOS.a */,
			);
			name = Products;
			sourceTree = "<group>";
		};
		948060EC205F345700482E8F /* Products */ = {
			isa = PBXGroup;
			children = (
				948060FF205F345700482E8F /* HelloWorld.app */,
				94806101205F345700482E8F /* HelloWorldTests.xctest */,
				94806103205F345700482E8F /* HelloWorld-tvOS.app */,
				94806105205F345700482E8F /* HelloWorld-tvOSTests.xctest */,
			);
			name = Products;
			sourceTree = "<group>";
		};
		94806107205F345700482E8F /* Products */ = {
			isa = PBXGroup;
			children = (
				9480610B205F345700482E8F /* libRCTVibration.a */,
			);
			name = Products;
			sourceTree = "<group>";
		};
		9480610D205F345700482E8F /* Products */ = {
			isa = PBXGroup;
			children = (
				94806111205F345700482E8F /* libRCTCameraRoll.a */,
			);
			name = Products;
			sourceTree = "<group>";
		};
		94806113205F345700482E8F /* Products */ = {
			isa = PBXGroup;
			children = (
				94806118205F345700482E8F /* libRCTBlob.a */,
				9480611A205F345700482E8F /* libRCTBlob-tvOS.a */,
			);
			name = Products;
			sourceTree = "<group>";
		};
		9480611C205F345700482E8F /* Products */ = {
			isa = PBXGroup;
			children = (
				94806121205F345800482E8F /* libRCTImage.a */,
				94806123205F345800482E8F /* libRCTImage-tvOS.a */,
			);
			name = Products;
			sourceTree = "<group>";
		};
		94806125205F345800482E8F /* Products */ = {
			isa = PBXGroup;
			children = (
				9480612A205F345800482E8F /* libRCTTest.a */,
				9480612C205F345800482E8F /* libRCTTest-tvOS.a */,
			);
			name = Products;
			sourceTree = "<group>";
		};
		9480612E205F345800482E8F /* Products */ = {
			isa = PBXGroup;
			children = (
				94806135205F345800482E8F /* libRCTWebSocket.a */,
				94806137205F345800482E8F /* libRCTWebSocket-tvOS.a */,
				94806139205F345800482E8F /* libfishhook.a */,
				9480613B205F345800482E8F /* libfishhook-tvOS.a */,
			);
			name = Products;
			sourceTree = "<group>";
		};
		94806158205F345900482E8F /* Products */ = {
			isa = PBXGroup;
			children = (
				9480616B205F345900482E8F /* libReact.a */,
				9480616D205F345900482E8F /* libReact.a */,
				9480616F205F345900482E8F /* libyoga.a */,
				94806171205F345900482E8F /* libyoga.a */,
				94806173205F345900482E8F /* libcxxreact.a */,
				94806175205F345900482E8F /* libcxxreact.a */,
				94806177205F345900482E8F /* libjschelpers.a */,
				94806179205F345900482E8F /* libjschelpers.a */,
				9480617B205F345900482E8F /* libjsinspector.a */,
				9480617D205F345900482E8F /* libjsinspector-tvOS.a */,
				9480617F205F345900482E8F /* libthird-party.a */,
				94806181205F345900482E8F /* libthird-party.a */,
				94806183205F345900482E8F /* libdouble-conversion.a */,
				94806185205F345900482E8F /* libdouble-conversion.a */,
				94806187205F345900482E8F /* libprivatedata.a */,
				94806189205F345900482E8F /* libprivatedata-tvOS.a */,
			);
			name = Products;
			sourceTree = "<group>";
		};
		9480618B205F345900482E8F /* Products */ = {
			isa = PBXGroup;
			children = (
				94806190205F345900482E8F /* libRCTText.a */,
				94806192205F345900482E8F /* libRCTText-tvOS.a */,
			);
			name = Products;
			sourceTree = "<group>";
		};
		94806194205F345900482E8F /* Products */ = {
			isa = PBXGroup;
			children = (
				94806199205F345A00482E8F /* libART.a */,
				9480619B205F345A00482E8F /* libART-tvOS.a */,
			);
			name = Products;
			sourceTree = "<group>";
		};
		9480619D205F345A00482E8F /* Products */ = {
			isa = PBXGroup;
			children = (
				948061A1205F345A00482E8F /* libRCTActionSheet.a */,
			);
			name = Products;
			sourceTree = "<group>";
		};
		948061A3205F345A00482E8F /* Products */ = {
			isa = PBXGroup;
			children = (
				948061A8205F345A00482E8F /* libRCTNetwork.a */,
				948061AA205F345A00482E8F /* libRCTNetwork-tvOS.a */,
			);
			name = Products;
			sourceTree = "<group>";
		};
		948061AC205F345A00482E8F /* Products */ = {
			isa = PBXGroup;
			children = (
				948061B0205F345A00482E8F /* libSample.a */,
			);
			name = Products;
			sourceTree = "<group>";
		};
		948061B2205F345B00482E8F /* Products */ = {
			isa = PBXGroup;
			children = (
				948061B7205F345B00482E8F /* libRCTSettings.a */,
				948061B9205F345B00482E8F /* libRCTSettings-tvOS.a */,
			);
			name = Products;
			sourceTree = "<group>";
		};
		948061BB205F345B00482E8F /* Products */ = {
			isa = PBXGroup;
			children = (
				948061C0205F345B00482E8F /* libRCTPushNotification.a */,
				948061C2205F345B00482E8F /* libRCTPushNotification-tvOS.a */,
			);
			name = Products;
			sourceTree = "<group>";
		};
		94BE7C562010BC7A0030366A /* Recovered References */ = {
			isa = PBXGroup;
			children = (
			);
			name = "Recovered References";
			sourceTree = "<group>";
		};
		A2F8143F559F61DF4D71A881 /* Pods */ = {
			isa = PBXGroup;
			children = (
				16C47336C907D6D56F95A640 /* Pods-SVGPodTest.debug.xcconfig */,
				2A23D6EDA8D067233159723A /* Pods-SVGPodTest.release.xcconfig */,
				49B0E39A94D84F05190B3CC8 /* Pods-SVGPodTest-tvOS.debug.xcconfig */,
				20662486445F66D782CE3BE3 /* Pods-SVGPodTest-tvOS.release.xcconfig */,
				A11EE10D28C465F94BB3EB3C /* Pods-SVGPodTest-tvOSTests.debug.xcconfig */,
				81835D5AD17FDC859014AA18 /* Pods-SVGPodTest-tvOSTests.release.xcconfig */,
				7619DAFF711F7D29F1599B8A /* Pods-SVGPodTestTests.debug.xcconfig */,
				116F60D7D2A813D1B4F24FAF /* Pods-SVGPodTestTests.release.xcconfig */,
			);
			name = Pods;
			sourceTree = "<group>";
		};
/* End PBXGroup section */

/* Begin PBXNativeTarget section */
		00E356ED1AD99517003FC87E /* SVGPodTestTests */ = {
			isa = PBXNativeTarget;
			buildConfigurationList = 00E357021AD99517003FC87E /* Build configuration list for PBXNativeTarget "SVGPodTestTests" */;
			buildPhases = (
				92926AF6675F47CFC24A05CC /* [CP] Check Pods Manifest.lock */,
				00E356EA1AD99517003FC87E /* Sources */,
				00E356EB1AD99517003FC87E /* Frameworks */,
				00E356EC1AD99517003FC87E /* Resources */,
				49D716F4C2A175B693784A6F /* [CP] Embed Pods Frameworks */,
				9EC3B768B87FC23E50F71A16 /* [CP] Copy Pods Resources */,
			);
			buildRules = (
			);
			dependencies = (
				00E356F51AD99517003FC87E /* PBXTargetDependency */,
			);
			name = SVGPodTestTests;
			productName = SVGPodTestTests;
			productReference = 00E356EE1AD99517003FC87E /* SVGPodTestTests.xctest */;
			productType = "com.apple.product-type.bundle.unit-test";
		};
		13B07F861A680F5B00A75B9A /* SVGPodTest */ = {
			isa = PBXNativeTarget;
			buildConfigurationList = 13B07F931A680F5B00A75B9A /* Build configuration list for PBXNativeTarget "SVGPodTest" */;
			buildPhases = (
				DC7DD9352DBFF8538E0F66BE /* [CP] Check Pods Manifest.lock */,
				13B07F871A680F5B00A75B9A /* Sources */,
				13B07F8C1A680F5B00A75B9A /* Frameworks */,
				13B07F8E1A680F5B00A75B9A /* Resources */,
				00DD1BFF1BD5951E006B06BC /* Bundle React Native code and images */,
				6512A19F2B641E334C766866 /* [CP] Embed Pods Frameworks */,
				7685F298AE23C407684515CD /* [CP] Copy Pods Resources */,
			);
			buildRules = (
			);
			dependencies = (
			);
			name = SVGPodTest;
			productName = "Hello World";
			productReference = 13B07F961A680F5B00A75B9A /* SVGPodTest.app */;
			productType = "com.apple.product-type.application";
		};
		2D02E47A1E0B4A5D006451C7 /* SVGPodTest-tvOS */ = {
			isa = PBXNativeTarget;
			buildConfigurationList = 2D02E4BA1E0B4A5E006451C7 /* Build configuration list for PBXNativeTarget "SVGPodTest-tvOS" */;
			buildPhases = (
				D4FB69946A1A05274E076160 /* [CP] Check Pods Manifest.lock */,
				2D02E4771E0B4A5D006451C7 /* Sources */,
				2D02E4781E0B4A5D006451C7 /* Frameworks */,
				2D02E4791E0B4A5D006451C7 /* Resources */,
				2D02E4CB1E0B4B27006451C7 /* Bundle React Native Code And Images */,
				823A91D46DCB728BE040A772 /* [CP] Embed Pods Frameworks */,
				6EC3A3D8865B2BEBED58863B /* [CP] Copy Pods Resources */,
			);
			buildRules = (
			);
			dependencies = (
			);
			name = "SVGPodTest-tvOS";
			productName = "SVGPodTest-tvOS";
			productReference = 2D02E47B1E0B4A5D006451C7 /* SVGPodTest-tvOS.app */;
			productType = "com.apple.product-type.application";
		};
		2D02E48F1E0B4A5D006451C7 /* SVGPodTest-tvOSTests */ = {
			isa = PBXNativeTarget;
			buildConfigurationList = 2D02E4BB1E0B4A5E006451C7 /* Build configuration list for PBXNativeTarget "SVGPodTest-tvOSTests" */;
			buildPhases = (
				012B204987D69DD4924C3406 /* [CP] Check Pods Manifest.lock */,
				2D02E48C1E0B4A5D006451C7 /* Sources */,
				2D02E48D1E0B4A5D006451C7 /* Frameworks */,
				2D02E48E1E0B4A5D006451C7 /* Resources */,
				7C5334AAEABDC7AFB41AA434 /* [CP] Embed Pods Frameworks */,
				ED882887DF4AF503A2FD9F63 /* [CP] Copy Pods Resources */,
			);
			buildRules = (
			);
			dependencies = (
				2D02E4921E0B4A5D006451C7 /* PBXTargetDependency */,
			);
			name = "SVGPodTest-tvOSTests";
			productName = "SVGPodTest-tvOSTests";
			productReference = 2D02E4901E0B4A5D006451C7 /* SVGPodTest-tvOSTests.xctest */;
			productType = "com.apple.product-type.bundle.unit-test";
		};
		948060C0205F33A000482E8F /* SVGPodTestDebugXCode */ = {
			isa = PBXNativeTarget;
			buildConfigurationList = 948060CE205F33A000482E8F /* Build configuration list for PBXNativeTarget "SVGPodTestDebugXCode" */;
			buildPhases = (
				948060C1205F33A000482E8F /* [CP] Check Pods Manifest.lock */,
				948060C2205F33A000482E8F /* Sources */,
				948060C5205F33A000482E8F /* Frameworks */,
				948060C8205F33A000482E8F /* Resources */,
				948060CB205F33A000482E8F /* Bundle React Native code and images */,
				948060CC205F33A000482E8F /* [CP] Embed Pods Frameworks */,
				948060CD205F33A000482E8F /* [CP] Copy Pods Resources */,
			);
			buildRules = (
			);
			dependencies = (
			);
			name = SVGPodTestDebugXCode;
			productName = "Hello World";
			productReference = 948060D1205F33A000482E8F /* SVGPodTestDebugXCode.app */;
			productType = "com.apple.product-type.application";
		};
/* End PBXNativeTarget section */

/* Begin PBXProject section */
		83CBB9F71A601CBA00E9B192 /* Project object */ = {
			isa = PBXProject;
			attributes = {
				LastUpgradeCheck = 0920;
				ORGANIZATIONNAME = Facebook;
				TargetAttributes = {
					00E356ED1AD99517003FC87E = {
						CreatedOnToolsVersion = 6.2;
						TestTargetID = 13B07F861A680F5B00A75B9A;
					};
					13B07F861A680F5B00A75B9A = {
						DevelopmentTeam = MR25JF4KSG;
					};
					2D02E47A1E0B4A5D006451C7 = {
						CreatedOnToolsVersion = 8.2.1;
						ProvisioningStyle = Automatic;
					};
					2D02E48F1E0B4A5D006451C7 = {
						CreatedOnToolsVersion = 8.2.1;
						ProvisioningStyle = Automatic;
						TestTargetID = 2D02E47A1E0B4A5D006451C7;
					};
					948060C0205F33A000482E8F = {
						DevelopmentTeam = MR25JF4KSG;
					};
				};
			};
			buildConfigurationList = 83CBB9FA1A601CBA00E9B192 /* Build configuration list for PBXProject "SVGPodTest" */;
			compatibilityVersion = "Xcode 3.2";
			developmentRegion = English;
			hasScannedForEncodings = 0;
			knownRegions = (
				en,
				Base,
			);
			mainGroup = 83CBB9F61A601CBA00E9B192;
			productRefGroup = 83CBBA001A601CBA00E9B192 /* Products */;
			projectDirPath = "";
			projectReferences = (
				{
					ProductGroup = 94806194205F345900482E8F /* Products */;
					ProjectRef = 94806193205F345900482E8F /* ART.xcodeproj */;
				},
				{
					ProductGroup = 948060EC205F345700482E8F /* Products */;
					ProjectRef = 948060EB205F345700482E8F /* HelloWorld.xcodeproj */;
				},
				{
					ProductGroup = 9480619D205F345A00482E8F /* Products */;
					ProjectRef = 9480619C205F345A00482E8F /* RCTActionSheet.xcodeproj */;
				},
				{
					ProductGroup = 948060D4205F345600482E8F /* Products */;
					ProjectRef = 948060D3205F345600482E8F /* RCTAnimation.xcodeproj */;
				},
				{
					ProductGroup = 94806113205F345700482E8F /* Products */;
					ProjectRef = 94806112205F345700482E8F /* RCTBlob.xcodeproj */;
				},
				{
					ProductGroup = 9480610D205F345700482E8F /* Products */;
					ProjectRef = 9480610C205F345700482E8F /* RCTCameraRoll.xcodeproj */;
				},
				{
					ProductGroup = 948060DD205F345600482E8F /* Products */;
					ProjectRef = 948060DC205F345600482E8F /* RCTGeolocation.xcodeproj */;
				},
				{
					ProductGroup = 9480611C205F345700482E8F /* Products */;
					ProjectRef = 9480611B205F345700482E8F /* RCTImage.xcodeproj */;
				},
				{
					ProductGroup = 948060E3205F345600482E8F /* Products */;
					ProjectRef = 948060E2205F345600482E8F /* RCTLinking.xcodeproj */;
				},
				{
					ProductGroup = 948061A3205F345A00482E8F /* Products */;
					ProjectRef = 948061A2205F345A00482E8F /* RCTNetwork.xcodeproj */;
				},
				{
					ProductGroup = 948061BB205F345B00482E8F /* Products */;
					ProjectRef = 948061BA205F345B00482E8F /* RCTPushNotification.xcodeproj */;
				},
				{
					ProductGroup = 948061B2205F345B00482E8F /* Products */;
					ProjectRef = 948061B1205F345B00482E8F /* RCTSettings.xcodeproj */;
				},
				{
					ProductGroup = 94806125205F345800482E8F /* Products */;
					ProjectRef = 94806124205F345800482E8F /* RCTTest.xcodeproj */;
				},
				{
					ProductGroup = 9480618B205F345900482E8F /* Products */;
					ProjectRef = 9480618A205F345900482E8F /* RCTText.xcodeproj */;
				},
				{
					ProductGroup = 94806107205F345700482E8F /* Products */;
					ProjectRef = 94806106205F345700482E8F /* RCTVibration.xcodeproj */;
				},
				{
					ProductGroup = 9480612E205F345800482E8F /* Products */;
					ProjectRef = 9480612D205F345800482E8F /* RCTWebSocket.xcodeproj */;
				},
				{
					ProductGroup = 94806158205F345900482E8F /* Products */;
					ProjectRef = 94806157205F345900482E8F /* React.xcodeproj */;
				},
				{
					ProductGroup = 948061AC205F345A00482E8F /* Products */;
					ProjectRef = 948061AB205F345A00482E8F /* Sample.xcodeproj */;
				},
			);
			projectRoot = "";
			targets = (
				13B07F861A680F5B00A75B9A /* SVGPodTest */,
				00E356ED1AD99517003FC87E /* SVGPodTestTests */,
				2D02E47A1E0B4A5D006451C7 /* SVGPodTest-tvOS */,
				2D02E48F1E0B4A5D006451C7 /* SVGPodTest-tvOSTests */,
				948060C0205F33A000482E8F /* SVGPodTestDebugXCode */,
			);
		};
/* End PBXProject section */

/* Begin PBXReferenceProxy section */
		948060D9205F345600482E8F /* libRCTAnimation.a */ = {
			isa = PBXReferenceProxy;
			fileType = archive.ar;
			path = libRCTAnimation.a;
			remoteRef = 948060D8205F345600482E8F /* PBXContainerItemProxy */;
			sourceTree = BUILT_PRODUCTS_DIR;
		};
		948060DB205F345600482E8F /* libRCTAnimation.a */ = {
			isa = PBXReferenceProxy;
			fileType = archive.ar;
			path = libRCTAnimation.a;
			remoteRef = 948060DA205F345600482E8F /* PBXContainerItemProxy */;
			sourceTree = BUILT_PRODUCTS_DIR;
		};
		948060E1205F345600482E8F /* libRCTGeolocation.a */ = {
			isa = PBXReferenceProxy;
			fileType = archive.ar;
			path = libRCTGeolocation.a;
			remoteRef = 948060E0205F345600482E8F /* PBXContainerItemProxy */;
			sourceTree = BUILT_PRODUCTS_DIR;
		};
		948060E8205F345700482E8F /* libRCTLinking.a */ = {
			isa = PBXReferenceProxy;
			fileType = archive.ar;
			path = libRCTLinking.a;
			remoteRef = 948060E7205F345700482E8F /* PBXContainerItemProxy */;
			sourceTree = BUILT_PRODUCTS_DIR;
		};
		948060EA205F345700482E8F /* libRCTLinking-tvOS.a */ = {
			isa = PBXReferenceProxy;
			fileType = archive.ar;
			path = "libRCTLinking-tvOS.a";
			remoteRef = 948060E9205F345700482E8F /* PBXContainerItemProxy */;
			sourceTree = BUILT_PRODUCTS_DIR;
		};
		948060FF205F345700482E8F /* HelloWorld.app */ = {
			isa = PBXReferenceProxy;
			fileType = wrapper.application;
			path = HelloWorld.app;
			remoteRef = 948060FE205F345700482E8F /* PBXContainerItemProxy */;
			sourceTree = BUILT_PRODUCTS_DIR;
		};
		94806101205F345700482E8F /* HelloWorldTests.xctest */ = {
			isa = PBXReferenceProxy;
			fileType = wrapper.cfbundle;
			path = HelloWorldTests.xctest;
			remoteRef = 94806100205F345700482E8F /* PBXContainerItemProxy */;
			sourceTree = BUILT_PRODUCTS_DIR;
		};
		94806103205F345700482E8F /* HelloWorld-tvOS.app */ = {
			isa = PBXReferenceProxy;
			fileType = wrapper.application;
			path = "HelloWorld-tvOS.app";
			remoteRef = 94806102205F345700482E8F /* PBXContainerItemProxy */;
			sourceTree = BUILT_PRODUCTS_DIR;
		};
		94806105205F345700482E8F /* HelloWorld-tvOSTests.xctest */ = {
			isa = PBXReferenceProxy;
			fileType = wrapper.cfbundle;
			path = "HelloWorld-tvOSTests.xctest";
			remoteRef = 94806104205F345700482E8F /* PBXContainerItemProxy */;
			sourceTree = BUILT_PRODUCTS_DIR;
		};
		9480610B205F345700482E8F /* libRCTVibration.a */ = {
			isa = PBXReferenceProxy;
			fileType = archive.ar;
			path = libRCTVibration.a;
			remoteRef = 9480610A205F345700482E8F /* PBXContainerItemProxy */;
			sourceTree = BUILT_PRODUCTS_DIR;
		};
		94806111205F345700482E8F /* libRCTCameraRoll.a */ = {
			isa = PBXReferenceProxy;
			fileType = archive.ar;
			path = libRCTCameraRoll.a;
			remoteRef = 94806110205F345700482E8F /* PBXContainerItemProxy */;
			sourceTree = BUILT_PRODUCTS_DIR;
		};
		94806118205F345700482E8F /* libRCTBlob.a */ = {
			isa = PBXReferenceProxy;
			fileType = archive.ar;
			path = libRCTBlob.a;
			remoteRef = 94806117205F345700482E8F /* PBXContainerItemProxy */;
			sourceTree = BUILT_PRODUCTS_DIR;
		};
		9480611A205F345700482E8F /* libRCTBlob-tvOS.a */ = {
			isa = PBXReferenceProxy;
			fileType = archive.ar;
			path = "libRCTBlob-tvOS.a";
			remoteRef = 94806119205F345700482E8F /* PBXContainerItemProxy */;
			sourceTree = BUILT_PRODUCTS_DIR;
		};
		94806121205F345800482E8F /* libRCTImage.a */ = {
			isa = PBXReferenceProxy;
			fileType = archive.ar;
			path = libRCTImage.a;
			remoteRef = 94806120205F345800482E8F /* PBXContainerItemProxy */;
			sourceTree = BUILT_PRODUCTS_DIR;
		};
		94806123205F345800482E8F /* libRCTImage-tvOS.a */ = {
			isa = PBXReferenceProxy;
			fileType = archive.ar;
			path = "libRCTImage-tvOS.a";
			remoteRef = 94806122205F345800482E8F /* PBXContainerItemProxy */;
			sourceTree = BUILT_PRODUCTS_DIR;
		};
		9480612A205F345800482E8F /* libRCTTest.a */ = {
			isa = PBXReferenceProxy;
			fileType = archive.ar;
			path = libRCTTest.a;
			remoteRef = 94806129205F345800482E8F /* PBXContainerItemProxy */;
			sourceTree = BUILT_PRODUCTS_DIR;
		};
		9480612C205F345800482E8F /* libRCTTest-tvOS.a */ = {
			isa = PBXReferenceProxy;
			fileType = archive.ar;
			path = "libRCTTest-tvOS.a";
			remoteRef = 9480612B205F345800482E8F /* PBXContainerItemProxy */;
			sourceTree = BUILT_PRODUCTS_DIR;
		};
		94806135205F345800482E8F /* libRCTWebSocket.a */ = {
			isa = PBXReferenceProxy;
			fileType = archive.ar;
			path = libRCTWebSocket.a;
			remoteRef = 94806134205F345800482E8F /* PBXContainerItemProxy */;
			sourceTree = BUILT_PRODUCTS_DIR;
		};
		94806137205F345800482E8F /* libRCTWebSocket-tvOS.a */ = {
			isa = PBXReferenceProxy;
			fileType = archive.ar;
			path = "libRCTWebSocket-tvOS.a";
			remoteRef = 94806136205F345800482E8F /* PBXContainerItemProxy */;
			sourceTree = BUILT_PRODUCTS_DIR;
		};
		94806139205F345800482E8F /* libfishhook.a */ = {
			isa = PBXReferenceProxy;
			fileType = archive.ar;
			path = libfishhook.a;
			remoteRef = 94806138205F345800482E8F /* PBXContainerItemProxy */;
			sourceTree = BUILT_PRODUCTS_DIR;
		};
		9480613B205F345800482E8F /* libfishhook-tvOS.a */ = {
			isa = PBXReferenceProxy;
			fileType = archive.ar;
			path = "libfishhook-tvOS.a";
			remoteRef = 9480613A205F345800482E8F /* PBXContainerItemProxy */;
			sourceTree = BUILT_PRODUCTS_DIR;
		};
		9480616B205F345900482E8F /* libReact.a */ = {
			isa = PBXReferenceProxy;
			fileType = archive.ar;
			path = libReact.a;
			remoteRef = 9480616A205F345900482E8F /* PBXContainerItemProxy */;
			sourceTree = BUILT_PRODUCTS_DIR;
		};
		9480616D205F345900482E8F /* libReact.a */ = {
			isa = PBXReferenceProxy;
			fileType = archive.ar;
			path = libReact.a;
			remoteRef = 9480616C205F345900482E8F /* PBXContainerItemProxy */;
			sourceTree = BUILT_PRODUCTS_DIR;
		};
		9480616F205F345900482E8F /* libyoga.a */ = {
			isa = PBXReferenceProxy;
			fileType = archive.ar;
			path = libyoga.a;
			remoteRef = 9480616E205F345900482E8F /* PBXContainerItemProxy */;
			sourceTree = BUILT_PRODUCTS_DIR;
		};
		94806171205F345900482E8F /* libyoga.a */ = {
			isa = PBXReferenceProxy;
			fileType = archive.ar;
			path = libyoga.a;
			remoteRef = 94806170205F345900482E8F /* PBXContainerItemProxy */;
			sourceTree = BUILT_PRODUCTS_DIR;
		};
		94806173205F345900482E8F /* libcxxreact.a */ = {
			isa = PBXReferenceProxy;
			fileType = archive.ar;
			path = libcxxreact.a;
			remoteRef = 94806172205F345900482E8F /* PBXContainerItemProxy */;
			sourceTree = BUILT_PRODUCTS_DIR;
		};
		94806175205F345900482E8F /* libcxxreact.a */ = {
			isa = PBXReferenceProxy;
			fileType = archive.ar;
			path = libcxxreact.a;
			remoteRef = 94806174205F345900482E8F /* PBXContainerItemProxy */;
			sourceTree = BUILT_PRODUCTS_DIR;
		};
		94806177205F345900482E8F /* libjschelpers.a */ = {
			isa = PBXReferenceProxy;
			fileType = archive.ar;
			path = libjschelpers.a;
			remoteRef = 94806176205F345900482E8F /* PBXContainerItemProxy */;
			sourceTree = BUILT_PRODUCTS_DIR;
		};
		94806179205F345900482E8F /* libjschelpers.a */ = {
			isa = PBXReferenceProxy;
			fileType = archive.ar;
			path = libjschelpers.a;
			remoteRef = 94806178205F345900482E8F /* PBXContainerItemProxy */;
			sourceTree = BUILT_PRODUCTS_DIR;
		};
		9480617B205F345900482E8F /* libjsinspector.a */ = {
			isa = PBXReferenceProxy;
			fileType = archive.ar;
			path = libjsinspector.a;
			remoteRef = 9480617A205F345900482E8F /* PBXContainerItemProxy */;
			sourceTree = BUILT_PRODUCTS_DIR;
		};
		9480617D205F345900482E8F /* libjsinspector-tvOS.a */ = {
			isa = PBXReferenceProxy;
			fileType = archive.ar;
			path = "libjsinspector-tvOS.a";
			remoteRef = 9480617C205F345900482E8F /* PBXContainerItemProxy */;
			sourceTree = BUILT_PRODUCTS_DIR;
		};
		9480617F205F345900482E8F /* libthird-party.a */ = {
			isa = PBXReferenceProxy;
			fileType = archive.ar;
			path = "libthird-party.a";
			remoteRef = 9480617E205F345900482E8F /* PBXContainerItemProxy */;
			sourceTree = BUILT_PRODUCTS_DIR;
		};
		94806181205F345900482E8F /* libthird-party.a */ = {
			isa = PBXReferenceProxy;
			fileType = archive.ar;
			path = "libthird-party.a";
			remoteRef = 94806180205F345900482E8F /* PBXContainerItemProxy */;
			sourceTree = BUILT_PRODUCTS_DIR;
		};
		94806183205F345900482E8F /* libdouble-conversion.a */ = {
			isa = PBXReferenceProxy;
			fileType = archive.ar;
			path = "libdouble-conversion.a";
			remoteRef = 94806182205F345900482E8F /* PBXContainerItemProxy */;
			sourceTree = BUILT_PRODUCTS_DIR;
		};
		94806185205F345900482E8F /* libdouble-conversion.a */ = {
			isa = PBXReferenceProxy;
			fileType = archive.ar;
			path = "libdouble-conversion.a";
			remoteRef = 94806184205F345900482E8F /* PBXContainerItemProxy */;
			sourceTree = BUILT_PRODUCTS_DIR;
		};
		94806187205F345900482E8F /* libprivatedata.a */ = {
			isa = PBXReferenceProxy;
			fileType = archive.ar;
			path = libprivatedata.a;
			remoteRef = 94806186205F345900482E8F /* PBXContainerItemProxy */;
			sourceTree = BUILT_PRODUCTS_DIR;
		};
		94806189205F345900482E8F /* libprivatedata-tvOS.a */ = {
			isa = PBXReferenceProxy;
			fileType = archive.ar;
			path = "libprivatedata-tvOS.a";
			remoteRef = 94806188205F345900482E8F /* PBXContainerItemProxy */;
			sourceTree = BUILT_PRODUCTS_DIR;
		};
		94806190205F345900482E8F /* libRCTText.a */ = {
			isa = PBXReferenceProxy;
			fileType = archive.ar;
			path = libRCTText.a;
			remoteRef = 9480618F205F345900482E8F /* PBXContainerItemProxy */;
			sourceTree = BUILT_PRODUCTS_DIR;
		};
		94806192205F345900482E8F /* libRCTText-tvOS.a */ = {
			isa = PBXReferenceProxy;
			fileType = archive.ar;
			path = "libRCTText-tvOS.a";
			remoteRef = 94806191205F345900482E8F /* PBXContainerItemProxy */;
			sourceTree = BUILT_PRODUCTS_DIR;
		};
		94806199205F345A00482E8F /* libART.a */ = {
			isa = PBXReferenceProxy;
			fileType = archive.ar;
			path = libART.a;
			remoteRef = 94806198205F345A00482E8F /* PBXContainerItemProxy */;
			sourceTree = BUILT_PRODUCTS_DIR;
		};
		9480619B205F345A00482E8F /* libART-tvOS.a */ = {
			isa = PBXReferenceProxy;
			fileType = archive.ar;
			path = "libART-tvOS.a";
			remoteRef = 9480619A205F345A00482E8F /* PBXContainerItemProxy */;
			sourceTree = BUILT_PRODUCTS_DIR;
		};
		948061A1205F345A00482E8F /* libRCTActionSheet.a */ = {
			isa = PBXReferenceProxy;
			fileType = archive.ar;
			path = libRCTActionSheet.a;
			remoteRef = 948061A0205F345A00482E8F /* PBXContainerItemProxy */;
			sourceTree = BUILT_PRODUCTS_DIR;
		};
		948061A8205F345A00482E8F /* libRCTNetwork.a */ = {
			isa = PBXReferenceProxy;
			fileType = archive.ar;
			path = libRCTNetwork.a;
			remoteRef = 948061A7205F345A00482E8F /* PBXContainerItemProxy */;
			sourceTree = BUILT_PRODUCTS_DIR;
		};
		948061AA205F345A00482E8F /* libRCTNetwork-tvOS.a */ = {
			isa = PBXReferenceProxy;
			fileType = archive.ar;
			path = "libRCTNetwork-tvOS.a";
			remoteRef = 948061A9205F345A00482E8F /* PBXContainerItemProxy */;
			sourceTree = BUILT_PRODUCTS_DIR;
		};
		948061B0205F345A00482E8F /* libSample.a */ = {
			isa = PBXReferenceProxy;
			fileType = archive.ar;
			path = libSample.a;
			remoteRef = 948061AF205F345A00482E8F /* PBXContainerItemProxy */;
			sourceTree = BUILT_PRODUCTS_DIR;
		};
		948061B7205F345B00482E8F /* libRCTSettings.a */ = {
			isa = PBXReferenceProxy;
			fileType = archive.ar;
			path = libRCTSettings.a;
			remoteRef = 948061B6205F345B00482E8F /* PBXContainerItemProxy */;
			sourceTree = BUILT_PRODUCTS_DIR;
		};
		948061B9205F345B00482E8F /* libRCTSettings-tvOS.a */ = {
			isa = PBXReferenceProxy;
			fileType = archive.ar;
			path = "libRCTSettings-tvOS.a";
			remoteRef = 948061B8205F345B00482E8F /* PBXContainerItemProxy */;
			sourceTree = BUILT_PRODUCTS_DIR;
		};
		948061C0205F345B00482E8F /* libRCTPushNotification.a */ = {
			isa = PBXReferenceProxy;
			fileType = archive.ar;
			path = libRCTPushNotification.a;
			remoteRef = 948061BF205F345B00482E8F /* PBXContainerItemProxy */;
			sourceTree = BUILT_PRODUCTS_DIR;
		};
		948061C2205F345B00482E8F /* libRCTPushNotification-tvOS.a */ = {
			isa = PBXReferenceProxy;
			fileType = archive.ar;
			path = "libRCTPushNotification-tvOS.a";
			remoteRef = 948061C1205F345B00482E8F /* PBXContainerItemProxy */;
			sourceTree = BUILT_PRODUCTS_DIR;
		};
/* End PBXReferenceProxy section */

/* Begin PBXResourcesBuildPhase section */
		00E356EC1AD99517003FC87E /* Resources */ = {
			isa = PBXResourcesBuildPhase;
			buildActionMask = 2147483647;
			files = (
			);
			runOnlyForDeploymentPostprocessing = 0;
		};
		13B07F8E1A680F5B00A75B9A /* Resources */ = {
			isa = PBXResourcesBuildPhase;
			buildActionMask = 2147483647;
			files = (
				13B07FBF1A68108700A75B9A /* Images.xcassets in Resources */,
				13B07FBD1A68108700A75B9A /* LaunchScreen.xib in Resources */,
			);
			runOnlyForDeploymentPostprocessing = 0;
		};
		2D02E4791E0B4A5D006451C7 /* Resources */ = {
			isa = PBXResourcesBuildPhase;
			buildActionMask = 2147483647;
			files = (
				2D02E4BD1E0B4A84006451C7 /* Images.xcassets in Resources */,
			);
			runOnlyForDeploymentPostprocessing = 0;
		};
		2D02E48E1E0B4A5D006451C7 /* Resources */ = {
			isa = PBXResourcesBuildPhase;
			buildActionMask = 2147483647;
			files = (
			);
			runOnlyForDeploymentPostprocessing = 0;
		};
		948060C8205F33A000482E8F /* Resources */ = {
			isa = PBXResourcesBuildPhase;
			buildActionMask = 2147483647;
			files = (
				948060C9205F33A000482E8F /* Images.xcassets in Resources */,
				948060CA205F33A000482E8F /* LaunchScreen.xib in Resources */,
			);
			runOnlyForDeploymentPostprocessing = 0;
		};
/* End PBXResourcesBuildPhase section */

/* Begin PBXShellScriptBuildPhase section */
		00DD1BFF1BD5951E006B06BC /* Bundle React Native code and images */ = {
			isa = PBXShellScriptBuildPhase;
			buildActionMask = 2147483647;
			files = (
			);
			inputPaths = (
			);
			name = "Bundle React Native code and images";
			outputPaths = (
			);
			runOnlyForDeploymentPostprocessing = 0;
			shellPath = /bin/sh;
			shellScript = "export NODE_BINARY=node\n../node_modules/react-native/scripts/react-native-xcode.sh";
		};
		012B204987D69DD4924C3406 /* [CP] Check Pods Manifest.lock */ = {
			isa = PBXShellScriptBuildPhase;
			buildActionMask = 2147483647;
			files = (
			);
			inputPaths = (
				"${PODS_PODFILE_DIR_PATH}/Podfile.lock",
				"${PODS_ROOT}/Manifest.lock",
			);
			name = "[CP] Check Pods Manifest.lock";
			outputPaths = (
				"$(DERIVED_FILE_DIR)/Pods-SVGPodTest-tvOSTests-checkManifestLockResult.txt",
			);
			runOnlyForDeploymentPostprocessing = 0;
			shellPath = /bin/sh;
			shellScript = "diff \"${PODS_PODFILE_DIR_PATH}/Podfile.lock\" \"${PODS_ROOT}/Manifest.lock\" > /dev/null\nif [ $? != 0 ] ; then\n    # print error to STDERR\n    echo \"error: The sandbox is not in sync with the Podfile.lock. Run 'pod install' or update your CocoaPods installation.\" >&2\n    exit 1\nfi\n# This output is used by Xcode 'outputs' to avoid re-running this script phase.\necho \"SUCCESS\" > \"${SCRIPT_OUTPUT_FILE_0}\"\n";
			showEnvVarsInLog = 0;
		};
		2D02E4CB1E0B4B27006451C7 /* Bundle React Native Code And Images */ = {
			isa = PBXShellScriptBuildPhase;
			buildActionMask = 2147483647;
			files = (
			);
			inputPaths = (
			);
			name = "Bundle React Native Code And Images";
			outputPaths = (
			);
			runOnlyForDeploymentPostprocessing = 0;
			shellPath = /bin/sh;
			shellScript = "export NODE_BINARY=node\n../node_modules/react-native/scripts/react-native-xcode.sh";
		};
		49D716F4C2A175B693784A6F /* [CP] Embed Pods Frameworks */ = {
			isa = PBXShellScriptBuildPhase;
			buildActionMask = 2147483647;
			files = (
			);
			inputPaths = (
			);
			name = "[CP] Embed Pods Frameworks";
			outputPaths = (
			);
			runOnlyForDeploymentPostprocessing = 0;
			shellPath = /bin/sh;
			shellScript = "\"${SRCROOT}/Pods/Target Support Files/Pods-SVGPodTestTests/Pods-SVGPodTestTests-frameworks.sh\"\n";
			showEnvVarsInLog = 0;
		};
		6512A19F2B641E334C766866 /* [CP] Embed Pods Frameworks */ = {
			isa = PBXShellScriptBuildPhase;
			buildActionMask = 2147483647;
			files = (
			);
			inputPaths = (
			);
			name = "[CP] Embed Pods Frameworks";
			outputPaths = (
			);
			runOnlyForDeploymentPostprocessing = 0;
			shellPath = /bin/sh;
			shellScript = "\"${SRCROOT}/Pods/Target Support Files/Pods-SVGPodTest/Pods-SVGPodTest-frameworks.sh\"\n";
			showEnvVarsInLog = 0;
		};
		6EC3A3D8865B2BEBED58863B /* [CP] Copy Pods Resources */ = {
			isa = PBXShellScriptBuildPhase;
			buildActionMask = 2147483647;
			files = (
			);
			inputPaths = (
			);
			name = "[CP] Copy Pods Resources";
			outputPaths = (
			);
			runOnlyForDeploymentPostprocessing = 0;
			shellPath = /bin/sh;
			shellScript = "\"${SRCROOT}/Pods/Target Support Files/Pods-SVGPodTest-tvOS/Pods-SVGPodTest-tvOS-resources.sh\"\n";
			showEnvVarsInLog = 0;
		};
		7685F298AE23C407684515CD /* [CP] Copy Pods Resources */ = {
			isa = PBXShellScriptBuildPhase;
			buildActionMask = 2147483647;
			files = (
			);
			inputPaths = (
			);
			name = "[CP] Copy Pods Resources";
			outputPaths = (
			);
			runOnlyForDeploymentPostprocessing = 0;
			shellPath = /bin/sh;
			shellScript = "\"${SRCROOT}/Pods/Target Support Files/Pods-SVGPodTest/Pods-SVGPodTest-resources.sh\"\n";
			showEnvVarsInLog = 0;
		};
		7C5334AAEABDC7AFB41AA434 /* [CP] Embed Pods Frameworks */ = {
			isa = PBXShellScriptBuildPhase;
			buildActionMask = 2147483647;
			files = (
			);
			inputPaths = (
			);
			name = "[CP] Embed Pods Frameworks";
			outputPaths = (
			);
			runOnlyForDeploymentPostprocessing = 0;
			shellPath = /bin/sh;
			shellScript = "\"${SRCROOT}/Pods/Target Support Files/Pods-SVGPodTest-tvOSTests/Pods-SVGPodTest-tvOSTests-frameworks.sh\"\n";
			showEnvVarsInLog = 0;
		};
		823A91D46DCB728BE040A772 /* [CP] Embed Pods Frameworks */ = {
			isa = PBXShellScriptBuildPhase;
			buildActionMask = 2147483647;
			files = (
			);
			inputPaths = (
			);
			name = "[CP] Embed Pods Frameworks";
			outputPaths = (
			);
			runOnlyForDeploymentPostprocessing = 0;
			shellPath = /bin/sh;
			shellScript = "\"${SRCROOT}/Pods/Target Support Files/Pods-SVGPodTest-tvOS/Pods-SVGPodTest-tvOS-frameworks.sh\"\n";
			showEnvVarsInLog = 0;
		};
		92926AF6675F47CFC24A05CC /* [CP] Check Pods Manifest.lock */ = {
			isa = PBXShellScriptBuildPhase;
			buildActionMask = 2147483647;
			files = (
			);
			inputPaths = (
				"${PODS_PODFILE_DIR_PATH}/Podfile.lock",
				"${PODS_ROOT}/Manifest.lock",
			);
			name = "[CP] Check Pods Manifest.lock";
			outputPaths = (
				"$(DERIVED_FILE_DIR)/Pods-SVGPodTestTests-checkManifestLockResult.txt",
			);
			runOnlyForDeploymentPostprocessing = 0;
			shellPath = /bin/sh;
			shellScript = "diff \"${PODS_PODFILE_DIR_PATH}/Podfile.lock\" \"${PODS_ROOT}/Manifest.lock\" > /dev/null\nif [ $? != 0 ] ; then\n    # print error to STDERR\n    echo \"error: The sandbox is not in sync with the Podfile.lock. Run 'pod install' or update your CocoaPods installation.\" >&2\n    exit 1\nfi\n# This output is used by Xcode 'outputs' to avoid re-running this script phase.\necho \"SUCCESS\" > \"${SCRIPT_OUTPUT_FILE_0}\"\n";
			showEnvVarsInLog = 0;
		};
		948060C1205F33A000482E8F /* [CP] Check Pods Manifest.lock */ = {
			isa = PBXShellScriptBuildPhase;
			buildActionMask = 2147483647;
			files = (
			);
			inputPaths = (
				"${PODS_PODFILE_DIR_PATH}/Podfile.lock",
				"${PODS_ROOT}/Manifest.lock",
			);
			name = "[CP] Check Pods Manifest.lock";
			outputPaths = (
				"$(DERIVED_FILE_DIR)/Pods-SVGPodTest-checkManifestLockResult.txt",
			);
			runOnlyForDeploymentPostprocessing = 0;
			shellPath = /bin/sh;
			shellScript = "diff \"${PODS_PODFILE_DIR_PATH}/Podfile.lock\" \"${PODS_ROOT}/Manifest.lock\" > /dev/null\nif [ $? != 0 ] ; then\n    # print error to STDERR\n    echo \"error: The sandbox is not in sync with the Podfile.lock. Run 'pod install' or update your CocoaPods installation.\" >&2\n    exit 1\nfi\n# This output is used by Xcode 'outputs' to avoid re-running this script phase.\necho \"SUCCESS\" > \"${SCRIPT_OUTPUT_FILE_0}\"\n";
			showEnvVarsInLog = 0;
		};
		948060CB205F33A000482E8F /* Bundle React Native code and images */ = {
			isa = PBXShellScriptBuildPhase;
			buildActionMask = 2147483647;
			files = (
			);
			inputPaths = (
			);
			name = "Bundle React Native code and images";
			outputPaths = (
			);
			runOnlyForDeploymentPostprocessing = 0;
			shellPath = /bin/sh;
			shellScript = "export NODE_BINARY=node\n../node_modules/react-native/scripts/react-native-xcode.sh";
		};
		948060CC205F33A000482E8F /* [CP] Embed Pods Frameworks */ = {
			isa = PBXShellScriptBuildPhase;
			buildActionMask = 2147483647;
			files = (
			);
			inputPaths = (
			);
			name = "[CP] Embed Pods Frameworks";
			outputPaths = (
			);
			runOnlyForDeploymentPostprocessing = 0;
			shellPath = /bin/sh;
			shellScript = "\"${SRCROOT}/Pods/Target Support Files/Pods-SVGPodTest/Pods-SVGPodTest-frameworks.sh\"\n";
			showEnvVarsInLog = 0;
		};
		948060CD205F33A000482E8F /* [CP] Copy Pods Resources */ = {
			isa = PBXShellScriptBuildPhase;
			buildActionMask = 2147483647;
			files = (
			);
			inputPaths = (
			);
			name = "[CP] Copy Pods Resources";
			outputPaths = (
			);
			runOnlyForDeploymentPostprocessing = 0;
			shellPath = /bin/sh;
			shellScript = "\"${SRCROOT}/Pods/Target Support Files/Pods-SVGPodTest/Pods-SVGPodTest-resources.sh\"\n";
			showEnvVarsInLog = 0;
		};
		9EC3B768B87FC23E50F71A16 /* [CP] Copy Pods Resources */ = {
			isa = PBXShellScriptBuildPhase;
			buildActionMask = 2147483647;
			files = (
			);
			inputPaths = (
			);
			name = "[CP] Copy Pods Resources";
			outputPaths = (
			);
			runOnlyForDeploymentPostprocessing = 0;
			shellPath = /bin/sh;
			shellScript = "\"${SRCROOT}/Pods/Target Support Files/Pods-SVGPodTestTests/Pods-SVGPodTestTests-resources.sh\"\n";
			showEnvVarsInLog = 0;
		};
		D4FB69946A1A05274E076160 /* [CP] Check Pods Manifest.lock */ = {
			isa = PBXShellScriptBuildPhase;
			buildActionMask = 2147483647;
			files = (
			);
			inputPaths = (
				"${PODS_PODFILE_DIR_PATH}/Podfile.lock",
				"${PODS_ROOT}/Manifest.lock",
			);
			name = "[CP] Check Pods Manifest.lock";
			outputPaths = (
				"$(DERIVED_FILE_DIR)/Pods-SVGPodTest-tvOS-checkManifestLockResult.txt",
			);
			runOnlyForDeploymentPostprocessing = 0;
			shellPath = /bin/sh;
			shellScript = "diff \"${PODS_PODFILE_DIR_PATH}/Podfile.lock\" \"${PODS_ROOT}/Manifest.lock\" > /dev/null\nif [ $? != 0 ] ; then\n    # print error to STDERR\n    echo \"error: The sandbox is not in sync with the Podfile.lock. Run 'pod install' or update your CocoaPods installation.\" >&2\n    exit 1\nfi\n# This output is used by Xcode 'outputs' to avoid re-running this script phase.\necho \"SUCCESS\" > \"${SCRIPT_OUTPUT_FILE_0}\"\n";
			showEnvVarsInLog = 0;
		};
		DC7DD9352DBFF8538E0F66BE /* [CP] Check Pods Manifest.lock */ = {
			isa = PBXShellScriptBuildPhase;
			buildActionMask = 2147483647;
			files = (
			);
			inputPaths = (
				"${PODS_PODFILE_DIR_PATH}/Podfile.lock",
				"${PODS_ROOT}/Manifest.lock",
			);
			name = "[CP] Check Pods Manifest.lock";
			outputPaths = (
				"$(DERIVED_FILE_DIR)/Pods-SVGPodTest-checkManifestLockResult.txt",
			);
			runOnlyForDeploymentPostprocessing = 0;
			shellPath = /bin/sh;
			shellScript = "diff \"${PODS_PODFILE_DIR_PATH}/Podfile.lock\" \"${PODS_ROOT}/Manifest.lock\" > /dev/null\nif [ $? != 0 ] ; then\n    # print error to STDERR\n    echo \"error: The sandbox is not in sync with the Podfile.lock. Run 'pod install' or update your CocoaPods installation.\" >&2\n    exit 1\nfi\n# This output is used by Xcode 'outputs' to avoid re-running this script phase.\necho \"SUCCESS\" > \"${SCRIPT_OUTPUT_FILE_0}\"\n";
			showEnvVarsInLog = 0;
		};
		ED882887DF4AF503A2FD9F63 /* [CP] Copy Pods Resources */ = {
			isa = PBXShellScriptBuildPhase;
			buildActionMask = 2147483647;
			files = (
			);
			inputPaths = (
			);
			name = "[CP] Copy Pods Resources";
			outputPaths = (
			);
			runOnlyForDeploymentPostprocessing = 0;
			shellPath = /bin/sh;
			shellScript = "\"${SRCROOT}/Pods/Target Support Files/Pods-SVGPodTest-tvOSTests/Pods-SVGPodTest-tvOSTests-resources.sh\"\n";
			showEnvVarsInLog = 0;
		};
/* End PBXShellScriptBuildPhase section */

/* Begin PBXSourcesBuildPhase section */
		00E356EA1AD99517003FC87E /* Sources */ = {
			isa = PBXSourcesBuildPhase;
			buildActionMask = 2147483647;
			files = (
				00E356F31AD99517003FC87E /* SVGPodTestTests.m in Sources */,
			);
			runOnlyForDeploymentPostprocessing = 0;
		};
		13B07F871A680F5B00A75B9A /* Sources */ = {
			isa = PBXSourcesBuildPhase;
			buildActionMask = 2147483647;
			files = (
				13B07FBC1A68108700A75B9A /* AppDelegate.m in Sources */,
				13B07FC11A68108700A75B9A /* main.m in Sources */,
			);
			runOnlyForDeploymentPostprocessing = 0;
		};
		2D02E4771E0B4A5D006451C7 /* Sources */ = {
			isa = PBXSourcesBuildPhase;
			buildActionMask = 2147483647;
			files = (
				2D02E4BF1E0B4AB3006451C7 /* main.m in Sources */,
				2D02E4BC1E0B4A80006451C7 /* AppDelegate.m in Sources */,
			);
			runOnlyForDeploymentPostprocessing = 0;
		};
		2D02E48C1E0B4A5D006451C7 /* Sources */ = {
			isa = PBXSourcesBuildPhase;
			buildActionMask = 2147483647;
			files = (
				2DCD954D1E0B4F2C00145EB5 /* SVGPodTestTests.m in Sources */,
			);
			runOnlyForDeploymentPostprocessing = 0;
		};
		948060C2205F33A000482E8F /* Sources */ = {
			isa = PBXSourcesBuildPhase;
			buildActionMask = 2147483647;
			files = (
				948060C3205F33A000482E8F /* AppDelegate.m in Sources */,
				948060C4205F33A000482E8F /* main.m in Sources */,
			);
			runOnlyForDeploymentPostprocessing = 0;
		};
/* End PBXSourcesBuildPhase section */

/* Begin PBXTargetDependency section */
		00E356F51AD99517003FC87E /* PBXTargetDependency */ = {
			isa = PBXTargetDependency;
			target = 13B07F861A680F5B00A75B9A /* SVGPodTest */;
			targetProxy = 00E356F41AD99517003FC87E /* PBXContainerItemProxy */;
		};
		2D02E4921E0B4A5D006451C7 /* PBXTargetDependency */ = {
			isa = PBXTargetDependency;
			target = 2D02E47A1E0B4A5D006451C7 /* SVGPodTest-tvOS */;
			targetProxy = 2D02E4911E0B4A5D006451C7 /* PBXContainerItemProxy */;
		};
/* End PBXTargetDependency section */

/* Begin PBXVariantGroup section */
		13B07FB11A68108700A75B9A /* LaunchScreen.xib */ = {
			isa = PBXVariantGroup;
			children = (
				13B07FB21A68108700A75B9A /* Base */,
			);
			name = LaunchScreen.xib;
			path = SVGPodTest;
			sourceTree = "<group>";
		};
/* End PBXVariantGroup section */

/* Begin XCBuildConfiguration section */
		00E356F61AD99517003FC87E /* Debug */ = {
			isa = XCBuildConfiguration;
			baseConfigurationReference = 7619DAFF711F7D29F1599B8A /* Pods-SVGPodTestTests.debug.xcconfig */;
			buildSettings = {
				BUNDLE_LOADER = "$(TEST_HOST)";
				GCC_PREPROCESSOR_DEFINITIONS = (
					"DEBUG=1",
					"$(inherited)",
				);
				HEADER_SEARCH_PATHS = (
					"$(inherited)",
					"$(SRCROOT)/../node_modules/react-native-svg/ios/**",
				);
				INFOPLIST_FILE = SVGPodTestTests/Info.plist;
				IPHONEOS_DEPLOYMENT_TARGET = 8.0;
				LD_RUNPATH_SEARCH_PATHS = "$(inherited) @executable_path/Frameworks @loader_path/Frameworks";
				LIBRARY_SEARCH_PATHS = (
					"$(inherited)",
					"\"$(SRCROOT)/$(TARGET_NAME)\"",
					"\"$(SRCROOT)/$(TARGET_NAME)\"",
				);
				PRODUCT_BUNDLE_IDENTIFIER = "org.reactjs.native.example.$(PRODUCT_NAME:rfc1034identifier)";
				PRODUCT_NAME = "$(TARGET_NAME)";
				TEST_HOST = "$(BUILT_PRODUCTS_DIR)/SVGPodTest.app/SVGPodTest";
			};
			name = Debug;
		};
		00E356F71AD99517003FC87E /* Release */ = {
			isa = XCBuildConfiguration;
			baseConfigurationReference = 116F60D7D2A813D1B4F24FAF /* Pods-SVGPodTestTests.release.xcconfig */;
			buildSettings = {
				BUNDLE_LOADER = "$(TEST_HOST)";
				COPY_PHASE_STRIP = NO;
				HEADER_SEARCH_PATHS = (
					"$(inherited)",
					"$(SRCROOT)/../node_modules/react-native-svg/ios/**",
				);
				INFOPLIST_FILE = SVGPodTestTests/Info.plist;
				IPHONEOS_DEPLOYMENT_TARGET = 8.0;
				LD_RUNPATH_SEARCH_PATHS = "$(inherited) @executable_path/Frameworks @loader_path/Frameworks";
				LIBRARY_SEARCH_PATHS = (
					"$(inherited)",
					"\"$(SRCROOT)/$(TARGET_NAME)\"",
					"\"$(SRCROOT)/$(TARGET_NAME)\"",
				);
				PRODUCT_BUNDLE_IDENTIFIER = "org.reactjs.native.example.$(PRODUCT_NAME:rfc1034identifier)";
				PRODUCT_NAME = "$(TARGET_NAME)";
				TEST_HOST = "$(BUILT_PRODUCTS_DIR)/SVGPodTest.app/SVGPodTest";
			};
			name = Release;
		};
		13B07F941A680F5B00A75B9A /* Debug */ = {
			isa = XCBuildConfiguration;
			baseConfigurationReference = 16C47336C907D6D56F95A640 /* Pods-SVGPodTest.debug.xcconfig */;
			buildSettings = {
				ASSETCATALOG_COMPILER_APPICON_NAME = AppIcon;
				CURRENT_PROJECT_VERSION = 1;
				DEAD_CODE_STRIPPING = NO;
				DEVELOPMENT_TEAM = MR25JF4KSG;
				HEADER_SEARCH_PATHS = (
					"$(inherited)",
					"$(SRCROOT)/../node_modules/react-native-svg/ios/**",
				);
				INFOPLIST_FILE = SVGPodTest/Info.plist;
				LD_RUNPATH_SEARCH_PATHS = "$(inherited) @executable_path/Frameworks";
				OTHER_LDFLAGS = (
					"$(inherited)",
					"-ObjC",
					"-l\"DoubleConversion\"",
					"-l\"Folly\"",
					"-l\"GLog\"",
					"-l\"RNSVG\"",
					"-l\"React\"",
					"-l\"stdc++\"",
					"-l\"yoga\"",
					"-framework",
					"\"JavaScriptCore\"",
					"-lc++",
				);
				PRODUCT_BUNDLE_IDENTIFIER = "org.reactjs.native.example.$(PRODUCT_NAME:rfc1034identifier)";
				PRODUCT_NAME = SVGPodTest;
				VERSIONING_SYSTEM = "apple-generic";
			};
			name = Debug;
		};
		13B07F951A680F5B00A75B9A /* Release */ = {
			isa = XCBuildConfiguration;
			baseConfigurationReference = 2A23D6EDA8D067233159723A /* Pods-SVGPodTest.release.xcconfig */;
			buildSettings = {
				ASSETCATALOG_COMPILER_APPICON_NAME = AppIcon;
				CURRENT_PROJECT_VERSION = 1;
				DEVELOPMENT_TEAM = MR25JF4KSG;
				HEADER_SEARCH_PATHS = (
					"$(inherited)",
					"$(SRCROOT)/../node_modules/react-native-svg/ios/**",
				);
				INFOPLIST_FILE = SVGPodTest/Info.plist;
				LD_RUNPATH_SEARCH_PATHS = "$(inherited) @executable_path/Frameworks";
				OTHER_LDFLAGS = (
					"$(inherited)",
					"-ObjC",
					"-l\"DoubleConversion\"",
					"-l\"Folly\"",
					"-l\"GLog\"",
					"-l\"RNSVG\"",
					"-l\"React\"",
					"-l\"stdc++\"",
					"-l\"yoga\"",
					"-framework",
					"\"JavaScriptCore\"",
					"-lc++",
				);
				PRODUCT_BUNDLE_IDENTIFIER = "org.reactjs.native.example.$(PRODUCT_NAME:rfc1034identifier)";
				PRODUCT_NAME = SVGPodTest;
				VERSIONING_SYSTEM = "apple-generic";
			};
			name = Release;
		};
		2D02E4971E0B4A5E006451C7 /* Debug */ = {
			isa = XCBuildConfiguration;
			baseConfigurationReference = 49B0E39A94D84F05190B3CC8 /* Pods-SVGPodTest-tvOS.debug.xcconfig */;
			buildSettings = {
				ASSETCATALOG_COMPILER_APPICON_NAME = "App Icon & Top Shelf Image";
				ASSETCATALOG_COMPILER_LAUNCHIMAGE_NAME = LaunchImage;
				CLANG_ANALYZER_NONNULL = YES;
				CLANG_WARN_DOCUMENTATION_COMMENTS = YES;
				CLANG_WARN_INFINITE_RECURSION = YES;
				CLANG_WARN_SUSPICIOUS_MOVE = YES;
				DEBUG_INFORMATION_FORMAT = dwarf;
				ENABLE_TESTABILITY = YES;
				GCC_NO_COMMON_BLOCKS = YES;
				HEADER_SEARCH_PATHS = (
					"$(inherited)",
					"$(SRCROOT)/../node_modules/react-native-svg/ios/**",
				);
				INFOPLIST_FILE = "SVGPodTest-tvOS/Info.plist";
				LD_RUNPATH_SEARCH_PATHS = "$(inherited) @executable_path/Frameworks";
				LIBRARY_SEARCH_PATHS = (
					"$(inherited)",
					"\"$(SRCROOT)/$(TARGET_NAME)\"",
					"\"$(SRCROOT)/$(TARGET_NAME)\"",
				);
				PRODUCT_BUNDLE_IDENTIFIER = "com.facebook.REACT.SVGPodTest-tvOS";
				PRODUCT_NAME = "$(TARGET_NAME)";
				SDKROOT = appletvos;
				TARGETED_DEVICE_FAMILY = 3;
				TVOS_DEPLOYMENT_TARGET = 9.2;
			};
			name = Debug;
		};
		2D02E4981E0B4A5E006451C7 /* Release */ = {
			isa = XCBuildConfiguration;
			baseConfigurationReference = 20662486445F66D782CE3BE3 /* Pods-SVGPodTest-tvOS.release.xcconfig */;
			buildSettings = {
				ASSETCATALOG_COMPILER_APPICON_NAME = "App Icon & Top Shelf Image";
				ASSETCATALOG_COMPILER_LAUNCHIMAGE_NAME = LaunchImage;
				CLANG_ANALYZER_NONNULL = YES;
				CLANG_WARN_DOCUMENTATION_COMMENTS = YES;
				CLANG_WARN_INFINITE_RECURSION = YES;
				CLANG_WARN_SUSPICIOUS_MOVE = YES;
				COPY_PHASE_STRIP = NO;
				DEBUG_INFORMATION_FORMAT = "dwarf-with-dsym";
				GCC_NO_COMMON_BLOCKS = YES;
				HEADER_SEARCH_PATHS = (
					"$(inherited)",
					"$(SRCROOT)/../node_modules/react-native-svg/ios/**",
				);
				INFOPLIST_FILE = "SVGPodTest-tvOS/Info.plist";
				LD_RUNPATH_SEARCH_PATHS = "$(inherited) @executable_path/Frameworks";
				LIBRARY_SEARCH_PATHS = (
					"$(inherited)",
					"\"$(SRCROOT)/$(TARGET_NAME)\"",
					"\"$(SRCROOT)/$(TARGET_NAME)\"",
				);
				PRODUCT_BUNDLE_IDENTIFIER = "com.facebook.REACT.SVGPodTest-tvOS";
				PRODUCT_NAME = "$(TARGET_NAME)";
				SDKROOT = appletvos;
				TARGETED_DEVICE_FAMILY = 3;
				TVOS_DEPLOYMENT_TARGET = 9.2;
			};
			name = Release;
		};
		2D02E4991E0B4A5E006451C7 /* Debug */ = {
			isa = XCBuildConfiguration;
			baseConfigurationReference = A11EE10D28C465F94BB3EB3C /* Pods-SVGPodTest-tvOSTests.debug.xcconfig */;
			buildSettings = {
				BUNDLE_LOADER = "$(TEST_HOST)";
				CLANG_ANALYZER_NONNULL = YES;
				CLANG_WARN_DOCUMENTATION_COMMENTS = YES;
				CLANG_WARN_INFINITE_RECURSION = YES;
				CLANG_WARN_SUSPICIOUS_MOVE = YES;
				DEBUG_INFORMATION_FORMAT = dwarf;
				ENABLE_TESTABILITY = YES;
				GCC_NO_COMMON_BLOCKS = YES;
				INFOPLIST_FILE = "SVGPodTest-tvOSTests/Info.plist";
				LD_RUNPATH_SEARCH_PATHS = "$(inherited) @executable_path/Frameworks @loader_path/Frameworks";
				LIBRARY_SEARCH_PATHS = (
					"$(inherited)",
					"\"$(SRCROOT)/$(TARGET_NAME)\"",
					"\"$(SRCROOT)/$(TARGET_NAME)\"",
				);
				PRODUCT_BUNDLE_IDENTIFIER = "com.facebook.REACT.SVGPodTest-tvOSTests";
				PRODUCT_NAME = "$(TARGET_NAME)";
				SDKROOT = appletvos;
				TEST_HOST = "$(BUILT_PRODUCTS_DIR)/SVGPodTest-tvOS.app/SVGPodTest-tvOS";
				TVOS_DEPLOYMENT_TARGET = 10.1;
			};
			name = Debug;
		};
		2D02E49A1E0B4A5E006451C7 /* Release */ = {
			isa = XCBuildConfiguration;
			baseConfigurationReference = 81835D5AD17FDC859014AA18 /* Pods-SVGPodTest-tvOSTests.release.xcconfig */;
			buildSettings = {
				BUNDLE_LOADER = "$(TEST_HOST)";
				CLANG_ANALYZER_NONNULL = YES;
				CLANG_WARN_DOCUMENTATION_COMMENTS = YES;
				CLANG_WARN_INFINITE_RECURSION = YES;
				CLANG_WARN_SUSPICIOUS_MOVE = YES;
				COPY_PHASE_STRIP = NO;
				DEBUG_INFORMATION_FORMAT = "dwarf-with-dsym";
				GCC_NO_COMMON_BLOCKS = YES;
				INFOPLIST_FILE = "SVGPodTest-tvOSTests/Info.plist";
				LD_RUNPATH_SEARCH_PATHS = "$(inherited) @executable_path/Frameworks @loader_path/Frameworks";
				LIBRARY_SEARCH_PATHS = (
					"$(inherited)",
					"\"$(SRCROOT)/$(TARGET_NAME)\"",
					"\"$(SRCROOT)/$(TARGET_NAME)\"",
				);
				PRODUCT_BUNDLE_IDENTIFIER = "com.facebook.REACT.SVGPodTest-tvOSTests";
				PRODUCT_NAME = "$(TARGET_NAME)";
				SDKROOT = appletvos;
				TEST_HOST = "$(BUILT_PRODUCTS_DIR)/SVGPodTest-tvOS.app/SVGPodTest-tvOS";
				TVOS_DEPLOYMENT_TARGET = 10.1;
			};
			name = Release;
		};
		83CBBA201A601CBA00E9B192 /* Debug */ = {
			isa = XCBuildConfiguration;
			buildSettings = {
				ALWAYS_SEARCH_USER_PATHS = NO;
				CLANG_CXX_LANGUAGE_STANDARD = "gnu++0x";
				CLANG_CXX_LIBRARY = "libc++";
				CLANG_ENABLE_MODULES = YES;
				CLANG_ENABLE_OBJC_ARC = YES;
				CLANG_WARN_BLOCK_CAPTURE_AUTORELEASING = YES;
				CLANG_WARN_BOOL_CONVERSION = YES;
				CLANG_WARN_COMMA = YES;
				CLANG_WARN_CONSTANT_CONVERSION = YES;
				CLANG_WARN_DIRECT_OBJC_ISA_USAGE = YES_ERROR;
				CLANG_WARN_EMPTY_BODY = YES;
				CLANG_WARN_ENUM_CONVERSION = YES;
				CLANG_WARN_INFINITE_RECURSION = YES;
				CLANG_WARN_INT_CONVERSION = YES;
				CLANG_WARN_NON_LITERAL_NULL_CONVERSION = YES;
				CLANG_WARN_OBJC_LITERAL_CONVERSION = YES;
				CLANG_WARN_OBJC_ROOT_CLASS = YES_ERROR;
				CLANG_WARN_RANGE_LOOP_ANALYSIS = YES;
				CLANG_WARN_STRICT_PROTOTYPES = YES;
				CLANG_WARN_SUSPICIOUS_MOVE = YES;
				CLANG_WARN_UNREACHABLE_CODE = YES;
				CLANG_WARN__DUPLICATE_METHOD_MATCH = YES;
				"CODE_SIGN_IDENTITY[sdk=iphoneos*]" = "iPhone Developer";
				COPY_PHASE_STRIP = NO;
				ENABLE_STRICT_OBJC_MSGSEND = YES;
				ENABLE_TESTABILITY = YES;
				GCC_C_LANGUAGE_STANDARD = gnu99;
				GCC_DYNAMIC_NO_PIC = NO;
				GCC_NO_COMMON_BLOCKS = YES;
				GCC_OPTIMIZATION_LEVEL = 0;
				GCC_PREPROCESSOR_DEFINITIONS = (
					"DEBUG=1",
					"$(inherited)",
				);
				GCC_SYMBOLS_PRIVATE_EXTERN = NO;
				GCC_WARN_64_TO_32_BIT_CONVERSION = YES;
				GCC_WARN_ABOUT_RETURN_TYPE = YES_ERROR;
				GCC_WARN_UNDECLARED_SELECTOR = YES;
				GCC_WARN_UNINITIALIZED_AUTOS = YES_AGGRESSIVE;
				GCC_WARN_UNUSED_FUNCTION = YES;
				GCC_WARN_UNUSED_VARIABLE = YES;
				IPHONEOS_DEPLOYMENT_TARGET = 8.0;
				MTL_ENABLE_DEBUG_INFO = YES;
				ONLY_ACTIVE_ARCH = YES;
				SDKROOT = iphoneos;
			};
			name = Debug;
		};
		83CBBA211A601CBA00E9B192 /* Release */ = {
			isa = XCBuildConfiguration;
			buildSettings = {
				ALWAYS_SEARCH_USER_PATHS = NO;
				CLANG_CXX_LANGUAGE_STANDARD = "gnu++0x";
				CLANG_CXX_LIBRARY = "libc++";
				CLANG_ENABLE_MODULES = YES;
				CLANG_ENABLE_OBJC_ARC = YES;
				CLANG_WARN_BLOCK_CAPTURE_AUTORELEASING = YES;
				CLANG_WARN_BOOL_CONVERSION = YES;
				CLANG_WARN_COMMA = YES;
				CLANG_WARN_CONSTANT_CONVERSION = YES;
				CLANG_WARN_DIRECT_OBJC_ISA_USAGE = YES_ERROR;
				CLANG_WARN_EMPTY_BODY = YES;
				CLANG_WARN_ENUM_CONVERSION = YES;
				CLANG_WARN_INFINITE_RECURSION = YES;
				CLANG_WARN_INT_CONVERSION = YES;
				CLANG_WARN_NON_LITERAL_NULL_CONVERSION = YES;
				CLANG_WARN_OBJC_LITERAL_CONVERSION = YES;
				CLANG_WARN_OBJC_ROOT_CLASS = YES_ERROR;
				CLANG_WARN_RANGE_LOOP_ANALYSIS = YES;
				CLANG_WARN_STRICT_PROTOTYPES = YES;
				CLANG_WARN_SUSPICIOUS_MOVE = YES;
				CLANG_WARN_UNREACHABLE_CODE = YES;
				CLANG_WARN__DUPLICATE_METHOD_MATCH = YES;
				"CODE_SIGN_IDENTITY[sdk=iphoneos*]" = "iPhone Developer";
				COPY_PHASE_STRIP = YES;
				ENABLE_NS_ASSERTIONS = NO;
				ENABLE_STRICT_OBJC_MSGSEND = YES;
				GCC_C_LANGUAGE_STANDARD = gnu99;
				GCC_NO_COMMON_BLOCKS = YES;
				GCC_WARN_64_TO_32_BIT_CONVERSION = YES;
				GCC_WARN_ABOUT_RETURN_TYPE = YES_ERROR;
				GCC_WARN_UNDECLARED_SELECTOR = YES;
				GCC_WARN_UNINITIALIZED_AUTOS = YES_AGGRESSIVE;
				GCC_WARN_UNUSED_FUNCTION = YES;
				GCC_WARN_UNUSED_VARIABLE = YES;
				IPHONEOS_DEPLOYMENT_TARGET = 8.0;
				MTL_ENABLE_DEBUG_INFO = NO;
				SDKROOT = iphoneos;
				VALIDATE_PRODUCT = YES;
			};
			name = Release;
		};
		948060CF205F33A000482E8F /* Debug */ = {
			isa = XCBuildConfiguration;
			baseConfigurationReference = 16C47336C907D6D56F95A640 /* Pods-SVGPodTest.debug.xcconfig */;
			buildSettings = {
				ASSETCATALOG_COMPILER_APPICON_NAME = AppIcon;
				CURRENT_PROJECT_VERSION = 1;
				DEAD_CODE_STRIPPING = NO;
				DEVELOPMENT_TEAM = MR25JF4KSG;
				HEADER_SEARCH_PATHS = (
					"$(inherited)",
					"$(SRCROOT)/../node_modules/react-native-svg/ios/**",
				);
				INFOPLIST_FILE = "SVGPodTestDebugXCode-Info.plist";
				LD_RUNPATH_SEARCH_PATHS = "$(inherited) @executable_path/Frameworks";
				OTHER_LDFLAGS = (
					"$(inherited)",
					"-ObjC",
					"-l\"DoubleConversion\"",
					"-l\"Folly\"",
					"-l\"GLog\"",
					"-l\"RNSVG\"",
					"-l\"React\"",
					"-l\"stdc++\"",
					"-l\"yoga\"",
					"-framework",
					"\"JavaScriptCore\"",
					"-lc++",
				);
				PRODUCT_BUNDLE_IDENTIFIER = "org.reactjs.native.example.$(PRODUCT_NAME:rfc1034identifier)";
				PRODUCT_NAME = "$(TARGET_NAME)";
				VERSIONING_SYSTEM = "apple-generic";
			};
			name = Debug;
		};
		948060D0205F33A000482E8F /* Release */ = {
			isa = XCBuildConfiguration;
			baseConfigurationReference = 2A23D6EDA8D067233159723A /* Pods-SVGPodTest.release.xcconfig */;
			buildSettings = {
				ASSETCATALOG_COMPILER_APPICON_NAME = AppIcon;
				CURRENT_PROJECT_VERSION = 1;
				DEVELOPMENT_TEAM = MR25JF4KSG;
				HEADER_SEARCH_PATHS = (
					"$(inherited)",
					"$(SRCROOT)/../node_modules/react-native-svg/ios/**",
				);
				INFOPLIST_FILE = "SVGPodTestDebugXCode-Info.plist";
				LD_RUNPATH_SEARCH_PATHS = "$(inherited) @executable_path/Frameworks";
				OTHER_LDFLAGS = (
					"$(inherited)",
					"-ObjC",
					"-l\"DoubleConversion\"",
					"-l\"Folly\"",
					"-l\"GLog\"",
					"-l\"RNSVG\"",
					"-l\"React\"",
					"-l\"stdc++\"",
					"-l\"yoga\"",
					"-framework",
					"\"JavaScriptCore\"",
					"-lc++",
				);
				PRODUCT_BUNDLE_IDENTIFIER = "org.reactjs.native.example.$(PRODUCT_NAME:rfc1034identifier)";
				PRODUCT_NAME = "$(TARGET_NAME)";
				VERSIONING_SYSTEM = "apple-generic";
			};
			name = Release;
		};
/* End XCBuildConfiguration section */

/* Begin XCConfigurationList section */
		00E357021AD99517003FC87E /* Build configuration list for PBXNativeTarget "SVGPodTestTests" */ = {
			isa = XCConfigurationList;
			buildConfigurations = (
				00E356F61AD99517003FC87E /* Debug */,
				00E356F71AD99517003FC87E /* Release */,
			);
			defaultConfigurationIsVisible = 0;
			defaultConfigurationName = Release;
		};
		13B07F931A680F5B00A75B9A /* Build configuration list for PBXNativeTarget "SVGPodTest" */ = {
			isa = XCConfigurationList;
			buildConfigurations = (
				13B07F941A680F5B00A75B9A /* Debug */,
				13B07F951A680F5B00A75B9A /* Release */,
			);
			defaultConfigurationIsVisible = 0;
			defaultConfigurationName = Release;
		};
		2D02E4BA1E0B4A5E006451C7 /* Build configuration list for PBXNativeTarget "SVGPodTest-tvOS" */ = {
			isa = XCConfigurationList;
			buildConfigurations = (
				2D02E4971E0B4A5E006451C7 /* Debug */,
				2D02E4981E0B4A5E006451C7 /* Release */,
			);
			defaultConfigurationIsVisible = 0;
			defaultConfigurationName = Release;
		};
		2D02E4BB1E0B4A5E006451C7 /* Build configuration list for PBXNativeTarget "SVGPodTest-tvOSTests" */ = {
			isa = XCConfigurationList;
			buildConfigurations = (
				2D02E4991E0B4A5E006451C7 /* Debug */,
				2D02E49A1E0B4A5E006451C7 /* Release */,
			);
			defaultConfigurationIsVisible = 0;
			defaultConfigurationName = Release;
		};
		83CBB9FA1A601CBA00E9B192 /* Build configuration list for PBXProject "SVGPodTest" */ = {
			isa = XCConfigurationList;
			buildConfigurations = (
				83CBBA201A601CBA00E9B192 /* Debug */,
				83CBBA211A601CBA00E9B192 /* Release */,
			);
			defaultConfigurationIsVisible = 0;
			defaultConfigurationName = Release;
		};
		948060CE205F33A000482E8F /* Build configuration list for PBXNativeTarget "SVGPodTestDebugXCode" */ = {
			isa = XCConfigurationList;
			buildConfigurations = (
				948060CF205F33A000482E8F /* Debug */,
				948060D0205F33A000482E8F /* Release */,
			);
			defaultConfigurationIsVisible = 0;
			defaultConfigurationName = Release;
		};
/* End XCConfigurationList section */
	};
	rootObject = 83CBB9F71A601CBA00E9B192 /* Project object */;
}
